// !$*UTF8*$!
{
	archiveVersion = 1;
	classes = {
	};
	objectVersion = 46;
	objects = {

/* Begin PBXBuildFile section */
		5A24B273D79A192FF9C82E22 /* libPods.a in Frameworks */ = {isa = PBXBuildFile; fileRef = A2B6C752B03F224A6B9A60F9 /* libPods.a */; };
		61701FF01CA3CB2500C6BAF7 /* video_list_cell_time@2x.png in Resources */ = {isa = PBXBuildFile; fileRef = 61701FED1CA3CB2500C6BAF7 /* video_list_cell_time@2x.png */; };
		61701FF11CA3CB2500C6BAF7 /* video_list_cell_icon@2x.png in Resources */ = {isa = PBXBuildFile; fileRef = 61701FEE1CA3CB2500C6BAF7 /* video_list_cell_icon@2x.png */; };
		61701FF21CA3CB2500C6BAF7 /* contentview_play@2x.png in Resources */ = {isa = PBXBuildFile; fileRef = 61701FEF1CA3CB2500C6BAF7 /* contentview_play@2x.png */; };
		61701FFA1CA3CB4D00C6BAF7 /* ModelTitle.m in Sources */ = {isa = PBXBuildFile; fileRef = 61701FF41CA3CB4D00C6BAF7 /* ModelTitle.m */; };
		61701FFB1CA3CB4D00C6BAF7 /* DateRequest.m in Sources */ = {isa = PBXBuildFile; fileRef = 61701FF71CA3CB4D00C6BAF7 /* DateRequest.m */; };
		61701FFC1CA3CB4D00C6BAF7 /* shared.m in Sources */ = {isa = PBXBuildFile; fileRef = 61701FF91CA3CB4D00C6BAF7 /* shared.m */; };
		7AE3715A1CA4DEEF009F32AE /* NationTwoTableViewController.m in Sources */ = {isa = PBXBuildFile; fileRef = 7AE371511CA4DEEF009F32AE /* NationTwoTableViewController.m */; };
		7AE3715B1CA4DEEF009F32AE /* NationThreeTableViewController.m in Sources */ = {isa = PBXBuildFile; fileRef = 7AE371531CA4DEEF009F32AE /* NationThreeTableViewController.m */; };
		7AE3715C1CA4DEEF009F32AE /* NationFourTableViewController.m in Sources */ = {isa = PBXBuildFile; fileRef = 7AE371551CA4DEEF009F32AE /* NationFourTableViewController.m */; };
		7AE3715D1CA4DEEF009F32AE /* NationwideTableViewCell.m in Sources */ = {isa = PBXBuildFile; fileRef = 7AE371571CA4DEEF009F32AE /* NationwideTableViewCell.m */; };
		7AE3715E1CA4DEEF009F32AE /* PublicTableViewCell.m in Sources */ = {isa = PBXBuildFile; fileRef = 7AE371591CA4DEEF009F32AE /* PublicTableViewCell.m */; };
		7AE371661CA4DF0E009F32AE /* Model.m in Sources */ = {isa = PBXBuildFile; fileRef = 7AE371601CA4DF0E009F32AE /* Model.m */; };
		7AE371671CA4DF0E009F32AE /* Request.m in Sources */ = {isa = PBXBuildFile; fileRef = 7AE371631CA4DF0E009F32AE /* Request.m */; };
		7AE371681CA4DF0E009F32AE /* DetailRequest.m in Sources */ = {isa = PBXBuildFile; fileRef = 7AE371651CA4DF0E009F32AE /* DetailRequest.m */; };
		7AE3716D1CA4E04B009F32AE /* HXShareScrollView.m in Sources */ = {isa = PBXBuildFile; fileRef = 7AE3716A1CA4E04B009F32AE /* HXShareScrollView.m */; };
		7AE3716E1CA4E04B009F32AE /* HXEasyCustomShareView.m in Sources */ = {isa = PBXBuildFile; fileRef = 7AE3716C1CA4E04B009F32AE /* HXEasyCustomShareView.m */; };
		7AE371771CA4E14A009F32AE /* SearchViewController.m in Sources */ = {isa = PBXBuildFile; fileRef = 7AE371761CA4E14A009F32AE /* SearchViewController.m */; };
		7AE371841CA4E232009F32AE /* UIBarButtonItem+Extension.m in Sources */ = {isa = PBXBuildFile; fileRef = 7AE3717A1CA4E232009F32AE /* UIBarButtonItem+Extension.m */; };
		7AE371851CA4E232009F32AE /* FoodViewController.m in Sources */ = {isa = PBXBuildFile; fileRef = 7AE3717C1CA4E232009F32AE /* FoodViewController.m */; };
		7AE371861CA4E232009F32AE /* UIView+SHCZExt.m in Sources */ = {isa = PBXBuildFile; fileRef = 7AE3717E1CA4E232009F32AE /* UIView+SHCZExt.m */; };
		7AE371871CA4E232009F32AE /* WDNavigationController.m in Sources */ = {isa = PBXBuildFile; fileRef = 7AE371801CA4E232009F32AE /* WDNavigationController.m */; };
		7AE371881CA4E232009F32AE /* WDLeftView.m in Sources */ = {isa = PBXBuildFile; fileRef = 7AE371821CA4E232009F32AE /* WDLeftView.m */; };
		7AE371891CA4E232009F32AE /* sidebar_bg@2x.jpg in Resources */ = {isa = PBXBuildFile; fileRef = 7AE371831CA4E232009F32AE /* sidebar_bg@2x.jpg */; };
		7AE371901CA4E2CA009F32AE /* FoodModel.m in Sources */ = {isa = PBXBuildFile; fileRef = 7AE3718F1CA4E2CA009F32AE /* FoodModel.m */; };
		7AE371961CA4E305009F32AE /* FoodTableViewController.m in Sources */ = {isa = PBXBuildFile; fileRef = 7AE371931CA4E305009F32AE /* FoodTableViewController.m */; };
		7AE371971CA4E305009F32AE /* MyFavoriteViewController.m in Sources */ = {isa = PBXBuildFile; fileRef = 7AE371951CA4E305009F32AE /* MyFavoriteViewController.m */; };
		7AE371B01CA4E9CE009F32AE /* default_autonavi_icon@2x.png in Resources */ = {isa = PBXBuildFile; fileRef = 7AE3719B1CA4E9CE009F32AE /* default_autonavi_icon@2x.png */; };
		7AE371B11CA4E9CE009F32AE /* 1.jpg in Resources */ = {isa = PBXBuildFile; fileRef = 7AE3719C1CA4E9CE009F32AE /* 1.jpg */; };
		7AE371B21CA4E9CE009F32AE /* 2.png in Resources */ = {isa = PBXBuildFile; fileRef = 7AE3719D1CA4E9CE009F32AE /* 2.png */; };
		7AE371B31CA4E9CE009F32AE /* 3.jpg in Resources */ = {isa = PBXBuildFile; fileRef = 7AE3719E1CA4E9CE009F32AE /* 3.jpg */; };
		7AE371B41CA4E9CE009F32AE /* 5.jpg in Resources */ = {isa = PBXBuildFile; fileRef = 7AE3719F1CA4E9CE009F32AE /* 5.jpg */; };
		7AE371B51CA4E9CE009F32AE /* default_autonavi_icon@3x.png in Resources */ = {isa = PBXBuildFile; fileRef = 7AE371A01CA4E9CE009F32AE /* default_autonavi_icon@3x.png */; };
		7AE371B61CA4E9CE009F32AE /* default_bank_sugg_tqueryicon_normal@3x.png in Resources */ = {isa = PBXBuildFile; fileRef = 7AE371A11CA4E9CE009F32AE /* default_bank_sugg_tqueryicon_normal@3x.png */; };
		7AE371B71CA4E9CE009F32AE /* default_busline_returnbus_btnbg_normal@2x.png in Resources */ = {isa = PBXBuildFile; fileRef = 7AE371A21CA4E9CE009F32AE /* default_busline_returnbus_btnbg_normal@2x.png */; };
		7AE371B81CA4E9CE009F32AE /* default_busline_returnbus_btnbg_normal@3x.png in Resources */ = {isa = PBXBuildFile; fileRef = 7AE371A31CA4E9CE009F32AE /* default_busline_returnbus_btnbg_normal@3x.png */; };
		7AE371B91CA4E9CE009F32AE /* default_busnavi_location_arrow@2x.png in Resources */ = {isa = PBXBuildFile; fileRef = 7AE371A41CA4E9CE009F32AE /* default_busnavi_location_arrow@2x.png */; };
		7AE371BA1CA4E9CE009F32AE /* default_busnavi_location_arrow@3x.png in Resources */ = {isa = PBXBuildFile; fileRef = 7AE371A51CA4E9CE009F32AE /* default_busnavi_location_arrow@3x.png */; };
		7AE371BB1CA4E9CE009F32AE /* default_carReport_bubbleoffline@2x.png in Resources */ = {isa = PBXBuildFile; fileRef = 7AE371A61CA4E9CE009F32AE /* default_carReport_bubbleoffline@2x.png */; };
		7AE371BC1CA4E9CE009F32AE /* default_carReport_main_line_highlighted@2x.png in Resources */ = {isa = PBXBuildFile; fileRef = 7AE371A71CA4E9CE009F32AE /* default_carReport_main_line_highlighted@2x.png */; };
		7AE371BD1CA4E9CE009F32AE /* default_carReport_main_line_highlighted@3x.png in Resources */ = {isa = PBXBuildFile; fileRef = 7AE371A81CA4E9CE009F32AE /* default_carReport_main_line_highlighted@3x.png */; };
		7AE371BE1CA4E9CE009F32AE /* default_common_highlightpoint_normal@2x.png in Resources */ = {isa = PBXBuildFile; fileRef = 7AE371A91CA4E9CE009F32AE /* default_common_highlightpoint_normal@2x.png */; };
		7AE371BF1CA4E9CE009F32AE /* default_common_route_endpoint_normal@2x.png in Resources */ = {isa = PBXBuildFile; fileRef = 7AE371AA1CA4E9CE009F32AE /* default_common_route_endpoint_normal@2x.png */; };
		7AE371C01CA4E9CE009F32AE /* default_common_route_startpoint_normal@2x.png in Resources */ = {isa = PBXBuildFile; fileRef = 7AE371AB1CA4E9CE009F32AE /* default_common_route_startpoint_normal@2x.png */; };
		7AE371C11CA4E9CE009F32AE /* default_generalsearch_headerviewbtn_telicon_normal@2x.png in Resources */ = {isa = PBXBuildFile; fileRef = 7AE371AC1CA4E9CE009F32AE /* default_generalsearch_headerviewbtn_telicon_normal@2x.png */; };
		7AE371C21CA4E9CE009F32AE /* default_generalsearch_headerviewbtn_telicon_normal@3x.png in Resources */ = {isa = PBXBuildFile; fileRef = 7AE371AD1CA4E9CE009F32AE /* default_generalsearch_headerviewbtn_telicon_normal@3x.png */; };
		7AE371C31CA4E9CE009F32AE /* default_groupbuying_telephone_button_normal@2x.png in Resources */ = {isa = PBXBuildFile; fileRef = 7AE371AE1CA4E9CE009F32AE /* default_groupbuying_telephone_button_normal@2x.png */; };
		7AE371C41CA4E9CE009F32AE /* default_groupbuying_telephone_button_normal@3x.png in Resources */ = {isa = PBXBuildFile; fileRef = 7AE371AF1CA4E9CE009F32AE /* default_groupbuying_telephone_button_normal@3x.png */; };
		DA9378A81C9FF5E4002B2C3B /* BreakModel.m in Sources */ = {isa = PBXBuildFile; fileRef = DA9378A71C9FF5E4002B2C3B /* BreakModel.m */; };
		DA9378AB1CA00EEC002B2C3B /* DateHandel.m in Sources */ = {isa = PBXBuildFile; fileRef = DA9378AA1CA00EEC002B2C3B /* DateHandel.m */; };
		DA973FF11CA26F5E0057B8DB /* icon_for_enable@2x.png in Resources */ = {isa = PBXBuildFile; fileRef = DA973FF01CA26F5E0057B8DB /* icon_for_enable@2x.png */; };
		DA973FF31CA26F770057B8DB /* icon_against_enable@2x.png in Resources */ = {isa = PBXBuildFile; fileRef = DA973FF21CA26F770057B8DB /* icon_against_enable@2x.png */; };
		DA973FF51CA26F850057B8DB /* icon_comment@2x.png in Resources */ = {isa = PBXBuildFile; fileRef = DA973FF41CA26F850057B8DB /* icon_comment@2x.png */; };
		DA973FF71CA26FD20057B8DB /* icon_share@2x.png in Resources */ = {isa = PBXBuildFile; fileRef = DA973FF61CA26FD20057B8DB /* icon_share@2x.png */; };
		DAA0999B1C9B87CF0034737C /* NewTableViewCell.m in Sources */ = {isa = PBXBuildFile; fileRef = DAA0999A1C9B87CF0034737C /* NewTableViewCell.m */; };
		DAA0999E1C9BD7010034737C /* CarportTableViewController.m in Sources */ = {isa = PBXBuildFile; fileRef = DAA0999D1C9BD7010034737C /* CarportTableViewController.m */; };
		DAA099AA1C9BE40C0034737C /* CarportTableViewCell.m in Sources */ = {isa = PBXBuildFile; fileRef = DAA099A81C9BE40C0034737C /* CarportTableViewCell.m */; };
		DAA099AB1C9BE40C0034737C /* CarportTableViewCell.xib in Resources */ = {isa = PBXBuildFile; fileRef = DAA099A91C9BE40C0034737C /* CarportTableViewCell.xib */; };
		DAA099B41C9C22DD0034737C /* DepotModel.m in Sources */ = {isa = PBXBuildFile; fileRef = DAA099B31C9C22DD0034737C /* DepotModel.m */; };
		DAA099C31C9C2CA40034737C /* CoreLocation.framework in Frameworks */ = {isa = PBXBuildFile; fileRef = DAA099C21C9C2CA40034737C /* CoreLocation.framework */; };
		DAA099C51C9C2CB50034737C /* AdSupport.framework in Frameworks */ = {isa = PBXBuildFile; fileRef = DAA099C41C9C2CB50034737C /* AdSupport.framework */; };
		DAA099C71C9C2CC30034737C /* CoreTelephony.framework in Frameworks */ = {isa = PBXBuildFile; fileRef = DAA099C61C9C2CC30034737C /* CoreTelephony.framework */; };
		DAA099C91C9C2D3F0034737C /* JuheApisSDK.a in Frameworks */ = {isa = PBXBuildFile; fileRef = DAA099C81C9C2D3F0034737C /* JuheApisSDK.a */; };
		DAA099CD1C9C2E5B0034737C /* libc++.tbd in Frameworks */ = {isa = PBXBuildFile; fileRef = DAA099CC1C9C2E5B0034737C /* libc++.tbd */; };
		DAA099D01C9C2F9C0034737C /* FoodRequest.m in Sources */ = {isa = PBXBuildFile; fileRef = DAA099CF1C9C2F9C0034737C /* FoodRequest.m */; };
		DAA2DA6E1C98E8F200A230EC /* VedioTableViewCell.m in Sources */ = {isa = PBXBuildFile; fileRef = DAA2DA6D1C98E8F200A230EC /* VedioTableViewCell.m */; };
		DAA2DA721C99516B00A230EC /* BreakTableViewCell.m in Sources */ = {isa = PBXBuildFile; fileRef = DAA2DA711C99516B00A230EC /* BreakTableViewCell.m */; };
		DAA2DA781C99A0CE00A230EC /* PicTableViewCell.m in Sources */ = {isa = PBXBuildFile; fileRef = DAA2DA771C99A0CE00A230EC /* PicTableViewCell.m */; };
		DAA2DA7B1C99ABCF00A230EC /* SecnicTableViewCell.m in Sources */ = {isa = PBXBuildFile; fileRef = DAA2DA7A1C99ABCF00A230EC /* SecnicTableViewCell.m */; };
		DAA2DA7E1C99AE4600A230EC /* FoodTableViewCell.m in Sources */ = {isa = PBXBuildFile; fileRef = DAA2DA7D1C99AE4600A230EC /* FoodTableViewCell.m */; };
		DAAD95961C9D772F008FE4C2 /* FoodDetailTableViewController.m in Sources */ = {isa = PBXBuildFile; fileRef = DAAD95931C9D772F008FE4C2 /* FoodDetailTableViewController.m */; };
		DAAD95971C9D772F008FE4C2 /* FoodDetailTableViewCell.m in Sources */ = {isa = PBXBuildFile; fileRef = DAAD95951C9D772F008FE4C2 /* FoodDetailTableViewCell.m */; };
		DAB1E6BC1C9AD5E600DEBA85 /* BreakImageViewCell.m in Sources */ = {isa = PBXBuildFile; fileRef = DAB1E6BB1C9AD5E600DEBA85 /* BreakImageViewCell.m */; };
		DABFBB611C980E5600EFD120 /* main.m in Sources */ = {isa = PBXBuildFile; fileRef = DABFBB601C980E5600EFD120 /* main.m */; };
		DABFBB641C980E5600EFD120 /* AppDelegate.mm in Sources */ = {isa = PBXBuildFile; fileRef = DABFBB631C980E5600EFD120 /* AppDelegate.mm */; };
		DABFBB6C1C980E5600EFD120 /* Assets.xcassets in Resources */ = {isa = PBXBuildFile; fileRef = DABFBB6B1C980E5600EFD120 /* Assets.xcassets */; };
		DABFBB6F1C980E5600EFD120 /* LaunchScreen.storyboard in Resources */ = {isa = PBXBuildFile; fileRef = DABFBB6D1C980E5600EFD120 /* LaunchScreen.storyboard */; };
		DABFBBE61C982B2900EFD120 /* RootTabBarController.m in Sources */ = {isa = PBXBuildFile; fileRef = DABFBBE51C982B2900EFD120 /* RootTabBarController.m */; };
		DABFBBE91C982B5700EFD120 /* RecreationViewController.m in Sources */ = {isa = PBXBuildFile; fileRef = DABFBBE81C982B5700EFD120 /* RecreationViewController.m */; };
		DABFBBEC1C982B6D00EFD120 /* NewTableViewController.m in Sources */ = {isa = PBXBuildFile; fileRef = DABFBBEB1C982B6D00EFD120 /* NewTableViewController.m */; };
		DABFBBEF1C982B8000EFD120 /* PivterTableViewController.m in Sources */ = {isa = PBXBuildFile; fileRef = DABFBBEE1C982B8000EFD120 /* PivterTableViewController.m */; };
		DABFBBF21C982B9600EFD120 /* PicDetaTableViewController.m in Sources */ = {isa = PBXBuildFile; fileRef = DABFBBF11C982B9600EFD120 /* PicDetaTableViewController.m */; };
		DABFBBF51C982BAB00EFD120 /* VedioTableViewController.m in Sources */ = {isa = PBXBuildFile; fileRef = DABFBBF41C982BAB00EFD120 /* VedioTableViewController.m */; };
		DABFBBF81C982BBC00EFD120 /* BreakTableViewController.m in Sources */ = {isa = PBXBuildFile; fileRef = DABFBBF71C982BBC00EFD120 /* BreakTableViewController.m */; };
		DABFBBFB1C982BEB00EFD120 /* DetailsTableViewController.m in Sources */ = {isa = PBXBuildFile; fileRef = DABFBBFA1C982BEB00EFD120 /* DetailsTableViewController.m */; };
		DABFBBFE1C982BF500EFD120 /* DetailsTableViewCell.m in Sources */ = {isa = PBXBuildFile; fileRef = DABFBBFD1C982BF500EFD120 /* DetailsTableViewCell.m */; };
		DABFBC041C982C2200EFD120 /* ScenicTableViewController.m in Sources */ = {isa = PBXBuildFile; fileRef = DABFBC031C982C2200EFD120 /* ScenicTableViewController.m */; };
		DABFBC071C982C3000EFD120 /* MeTableViewController.m in Sources */ = {isa = PBXBuildFile; fileRef = DABFBC061C982C3000EFD120 /* MeTableViewController.m */; };
/* End PBXBuildFile section */

/* Begin PBXFileReference section */
		61701FED1CA3CB2500C6BAF7 /* video_list_cell_time@2x.png */ = {isa = PBXFileReference; lastKnownFileType = image.png; path = "video_list_cell_time@2x.png"; sourceTree = "<group>"; };
		61701FEE1CA3CB2500C6BAF7 /* video_list_cell_icon@2x.png */ = {isa = PBXFileReference; lastKnownFileType = image.png; path = "video_list_cell_icon@2x.png"; sourceTree = "<group>"; };
		61701FEF1CA3CB2500C6BAF7 /* contentview_play@2x.png */ = {isa = PBXFileReference; lastKnownFileType = image.png; path = "contentview_play@2x.png"; sourceTree = "<group>"; };
		61701FF41CA3CB4D00C6BAF7 /* ModelTitle.m */ = {isa = PBXFileReference; fileEncoding = 4; lastKnownFileType = sourcecode.c.objc; path = ModelTitle.m; sourceTree = "<group>"; };
		61701FF51CA3CB4D00C6BAF7 /* ModelTitle.h */ = {isa = PBXFileReference; fileEncoding = 4; lastKnownFileType = sourcecode.c.h; path = ModelTitle.h; sourceTree = "<group>"; };
		61701FF61CA3CB4D00C6BAF7 /* DateRequest.h */ = {isa = PBXFileReference; fileEncoding = 4; lastKnownFileType = sourcecode.c.h; path = DateRequest.h; sourceTree = "<group>"; };
		61701FF71CA3CB4D00C6BAF7 /* DateRequest.m */ = {isa = PBXFileReference; fileEncoding = 4; lastKnownFileType = sourcecode.c.objc; path = DateRequest.m; sourceTree = "<group>"; };
		61701FF81CA3CB4D00C6BAF7 /* shared.h */ = {isa = PBXFileReference; fileEncoding = 4; lastKnownFileType = sourcecode.c.h; path = shared.h; sourceTree = "<group>"; };
		61701FF91CA3CB4D00C6BAF7 /* shared.m */ = {isa = PBXFileReference; fileEncoding = 4; lastKnownFileType = sourcecode.c.objc; path = shared.m; sourceTree = "<group>"; };
		7AE371501CA4DEEF009F32AE /* NationTwoTableViewController.h */ = {isa = PBXFileReference; fileEncoding = 4; lastKnownFileType = sourcecode.c.h; name = NationTwoTableViewController.h; path = ../NationTwoTableViewController.h; sourceTree = "<group>"; };
		7AE371511CA4DEEF009F32AE /* NationTwoTableViewController.m */ = {isa = PBXFileReference; fileEncoding = 4; lastKnownFileType = sourcecode.c.objc; name = NationTwoTableViewController.m; path = ../NationTwoTableViewController.m; sourceTree = "<group>"; };
		7AE371521CA4DEEF009F32AE /* NationThreeTableViewController.h */ = {isa = PBXFileReference; fileEncoding = 4; lastKnownFileType = sourcecode.c.h; name = NationThreeTableViewController.h; path = ../NationThreeTableViewController.h; sourceTree = "<group>"; };
		7AE371531CA4DEEF009F32AE /* NationThreeTableViewController.m */ = {isa = PBXFileReference; fileEncoding = 4; lastKnownFileType = sourcecode.c.objc; name = NationThreeTableViewController.m; path = ../NationThreeTableViewController.m; sourceTree = "<group>"; };
		7AE371541CA4DEEF009F32AE /* NationFourTableViewController.h */ = {isa = PBXFileReference; fileEncoding = 4; lastKnownFileType = sourcecode.c.h; name = NationFourTableViewController.h; path = ../NationFourTableViewController.h; sourceTree = "<group>"; };
		7AE371551CA4DEEF009F32AE /* NationFourTableViewController.m */ = {isa = PBXFileReference; fileEncoding = 4; lastKnownFileType = sourcecode.c.objc; name = NationFourTableViewController.m; path = ../NationFourTableViewController.m; sourceTree = "<group>"; };
		7AE371561CA4DEEF009F32AE /* NationwideTableViewCell.h */ = {isa = PBXFileReference; fileEncoding = 4; lastKnownFileType = sourcecode.c.h; name = NationwideTableViewCell.h; path = ../NationwideTableViewCell.h; sourceTree = "<group>"; };
		7AE371571CA4DEEF009F32AE /* NationwideTableViewCell.m */ = {isa = PBXFileReference; fileEncoding = 4; lastKnownFileType = sourcecode.c.objc; name = NationwideTableViewCell.m; path = ../NationwideTableViewCell.m; sourceTree = "<group>"; };
		7AE371581CA4DEEF009F32AE /* PublicTableViewCell.h */ = {isa = PBXFileReference; fileEncoding = 4; lastKnownFileType = sourcecode.c.h; name = PublicTableViewCell.h; path = ../PublicTableViewCell.h; sourceTree = "<group>"; };
		7AE371591CA4DEEF009F32AE /* PublicTableViewCell.m */ = {isa = PBXFileReference; fileEncoding = 4; lastKnownFileType = sourcecode.c.objc; name = PublicTableViewCell.m; path = ../PublicTableViewCell.m; sourceTree = "<group>"; };
		7AE3715F1CA4DF0E009F32AE /* Model.h */ = {isa = PBXFileReference; fileEncoding = 4; lastKnownFileType = sourcecode.c.h; name = Model.h; path = ../V/Model.h; sourceTree = "<group>"; };
		7AE371601CA4DF0E009F32AE /* Model.m */ = {isa = PBXFileReference; fileEncoding = 4; lastKnownFileType = sourcecode.c.objc; name = Model.m; path = ../V/Model.m; sourceTree = "<group>"; };
		7AE371611CA4DF0E009F32AE /* URL.h */ = {isa = PBXFileReference; fileEncoding = 4; lastKnownFileType = sourcecode.c.h; name = URL.h; path = ../V/URL.h; sourceTree = "<group>"; };
		7AE371621CA4DF0E009F32AE /* Request.h */ = {isa = PBXFileReference; fileEncoding = 4; lastKnownFileType = sourcecode.c.h; name = Request.h; path = ../V/Request.h; sourceTree = "<group>"; };
		7AE371631CA4DF0E009F32AE /* Request.m */ = {isa = PBXFileReference; fileEncoding = 4; lastKnownFileType = sourcecode.c.objc; name = Request.m; path = ../V/Request.m; sourceTree = "<group>"; };
		7AE371641CA4DF0E009F32AE /* DetailRequest.h */ = {isa = PBXFileReference; fileEncoding = 4; lastKnownFileType = sourcecode.c.h; name = DetailRequest.h; path = ../V/DetailRequest.h; sourceTree = "<group>"; };
		7AE371651CA4DF0E009F32AE /* DetailRequest.m */ = {isa = PBXFileReference; fileEncoding = 4; lastKnownFileType = sourcecode.c.objc; name = DetailRequest.m; path = ../V/DetailRequest.m; sourceTree = "<group>"; };
		7AE371691CA4E04B009F32AE /* HXShareScrollView.h */ = {isa = PBXFileReference; fileEncoding = 4; lastKnownFileType = sourcecode.c.h; path = HXShareScrollView.h; sourceTree = "<group>"; };
		7AE3716A1CA4E04B009F32AE /* HXShareScrollView.m */ = {isa = PBXFileReference; fileEncoding = 4; lastKnownFileType = sourcecode.c.objc; path = HXShareScrollView.m; sourceTree = "<group>"; };
		7AE3716B1CA4E04B009F32AE /* HXEasyCustomShareView.h */ = {isa = PBXFileReference; fileEncoding = 4; lastKnownFileType = sourcecode.c.h; path = HXEasyCustomShareView.h; sourceTree = "<group>"; };
		7AE3716C1CA4E04B009F32AE /* HXEasyCustomShareView.m */ = {isa = PBXFileReference; fileEncoding = 4; lastKnownFileType = sourcecode.c.objc; path = HXEasyCustomShareView.m; sourceTree = "<group>"; };
		7AE371751CA4E14A009F32AE /* SearchViewController.h */ = {isa = PBXFileReference; fileEncoding = 4; lastKnownFileType = sourcecode.c.h; name = SearchViewController.h; path = ../SearchViewController.h; sourceTree = "<group>"; };
		7AE371761CA4E14A009F32AE /* SearchViewController.m */ = {isa = PBXFileReference; fileEncoding = 4; lastKnownFileType = sourcecode.c.objc; name = SearchViewController.m; path = ../SearchViewController.m; sourceTree = "<group>"; };
		7AE371791CA4E232009F32AE /* UIBarButtonItem+Extension.h */ = {isa = PBXFileReference; fileEncoding = 4; lastKnownFileType = sourcecode.c.h; path = "UIBarButtonItem+Extension.h"; sourceTree = "<group>"; };
		7AE3717A1CA4E232009F32AE /* UIBarButtonItem+Extension.m */ = {isa = PBXFileReference; fileEncoding = 4; lastKnownFileType = sourcecode.c.objc; path = "UIBarButtonItem+Extension.m"; sourceTree = "<group>"; };
		7AE3717B1CA4E232009F32AE /* FoodViewController.h */ = {isa = PBXFileReference; fileEncoding = 4; lastKnownFileType = sourcecode.c.h; path = FoodViewController.h; sourceTree = "<group>"; };
		7AE3717C1CA4E232009F32AE /* FoodViewController.m */ = {isa = PBXFileReference; fileEncoding = 4; lastKnownFileType = sourcecode.c.objc; path = FoodViewController.m; sourceTree = "<group>"; };
		7AE3717D1CA4E232009F32AE /* UIView+SHCZExt.h */ = {isa = PBXFileReference; fileEncoding = 4; lastKnownFileType = sourcecode.c.h; path = "UIView+SHCZExt.h"; sourceTree = "<group>"; };
		7AE3717E1CA4E232009F32AE /* UIView+SHCZExt.m */ = {isa = PBXFileReference; fileEncoding = 4; lastKnownFileType = sourcecode.c.objc; path = "UIView+SHCZExt.m"; sourceTree = "<group>"; };
		7AE3717F1CA4E232009F32AE /* WDNavigationController.h */ = {isa = PBXFileReference; fileEncoding = 4; lastKnownFileType = sourcecode.c.h; path = WDNavigationController.h; sourceTree = "<group>"; };
		7AE371801CA4E232009F32AE /* WDNavigationController.m */ = {isa = PBXFileReference; fileEncoding = 4; lastKnownFileType = sourcecode.c.objc; path = WDNavigationController.m; sourceTree = "<group>"; };
		7AE371811CA4E232009F32AE /* WDLeftView.h */ = {isa = PBXFileReference; fileEncoding = 4; lastKnownFileType = sourcecode.c.h; path = WDLeftView.h; sourceTree = "<group>"; };
		7AE371821CA4E232009F32AE /* WDLeftView.m */ = {isa = PBXFileReference; fileEncoding = 4; lastKnownFileType = sourcecode.c.objc; path = WDLeftView.m; sourceTree = "<group>"; };
		7AE371831CA4E232009F32AE /* sidebar_bg@2x.jpg */ = {isa = PBXFileReference; lastKnownFileType = image.jpeg; path = "sidebar_bg@2x.jpg"; sourceTree = "<group>"; };
		7AE3718E1CA4E2CA009F32AE /* FoodModel.h */ = {isa = PBXFileReference; fileEncoding = 4; lastKnownFileType = sourcecode.c.h; path = FoodModel.h; sourceTree = "<group>"; };
		7AE3718F1CA4E2CA009F32AE /* FoodModel.m */ = {isa = PBXFileReference; fileEncoding = 4; lastKnownFileType = sourcecode.c.objc; path = FoodModel.m; sourceTree = "<group>"; };
		7AE371921CA4E305009F32AE /* FoodTableViewController.h */ = {isa = PBXFileReference; fileEncoding = 4; lastKnownFileType = sourcecode.c.h; path = FoodTableViewController.h; sourceTree = "<group>"; };
		7AE371931CA4E305009F32AE /* FoodTableViewController.m */ = {isa = PBXFileReference; fileEncoding = 4; lastKnownFileType = sourcecode.c.objc; path = FoodTableViewController.m; sourceTree = "<group>"; };
		7AE371941CA4E305009F32AE /* MyFavoriteViewController.h */ = {isa = PBXFileReference; fileEncoding = 4; lastKnownFileType = sourcecode.c.h; path = MyFavoriteViewController.h; sourceTree = "<group>"; };
		7AE371951CA4E305009F32AE /* MyFavoriteViewController.m */ = {isa = PBXFileReference; fileEncoding = 4; lastKnownFileType = sourcecode.c.objc; path = MyFavoriteViewController.m; sourceTree = "<group>"; };
		7AE3719B1CA4E9CE009F32AE /* default_autonavi_icon@2x.png */ = {isa = PBXFileReference; lastKnownFileType = image.png; path = "default_autonavi_icon@2x.png"; sourceTree = "<group>"; };
		7AE3719C1CA4E9CE009F32AE /* 1.jpg */ = {isa = PBXFileReference; lastKnownFileType = image.jpeg; path = 1.jpg; sourceTree = "<group>"; };
		7AE3719D1CA4E9CE009F32AE /* 2.png */ = {isa = PBXFileReference; lastKnownFileType = image.png; path = 2.png; sourceTree = "<group>"; };
		7AE3719E1CA4E9CE009F32AE /* 3.jpg */ = {isa = PBXFileReference; lastKnownFileType = image.jpeg; path = 3.jpg; sourceTree = "<group>"; };
		7AE3719F1CA4E9CE009F32AE /* 5.jpg */ = {isa = PBXFileReference; lastKnownFileType = image.jpeg; path = 5.jpg; sourceTree = "<group>"; };
		7AE371A01CA4E9CE009F32AE /* default_autonavi_icon@3x.png */ = {isa = PBXFileReference; lastKnownFileType = image.png; path = "default_autonavi_icon@3x.png"; sourceTree = "<group>"; };
		7AE371A11CA4E9CE009F32AE /* default_bank_sugg_tqueryicon_normal@3x.png */ = {isa = PBXFileReference; lastKnownFileType = image.png; path = "default_bank_sugg_tqueryicon_normal@3x.png"; sourceTree = "<group>"; };
		7AE371A21CA4E9CE009F32AE /* default_busline_returnbus_btnbg_normal@2x.png */ = {isa = PBXFileReference; lastKnownFileType = image.png; path = "default_busline_returnbus_btnbg_normal@2x.png"; sourceTree = "<group>"; };
		7AE371A31CA4E9CE009F32AE /* default_busline_returnbus_btnbg_normal@3x.png */ = {isa = PBXFileReference; lastKnownFileType = image.png; path = "default_busline_returnbus_btnbg_normal@3x.png"; sourceTree = "<group>"; };
		7AE371A41CA4E9CE009F32AE /* default_busnavi_location_arrow@2x.png */ = {isa = PBXFileReference; lastKnownFileType = image.png; path = "default_busnavi_location_arrow@2x.png"; sourceTree = "<group>"; };
		7AE371A51CA4E9CE009F32AE /* default_busnavi_location_arrow@3x.png */ = {isa = PBXFileReference; lastKnownFileType = image.png; path = "default_busnavi_location_arrow@3x.png"; sourceTree = "<group>"; };
		7AE371A61CA4E9CE009F32AE /* default_carReport_bubbleoffline@2x.png */ = {isa = PBXFileReference; lastKnownFileType = image.png; path = "default_carReport_bubbleoffline@2x.png"; sourceTree = "<group>"; };
		7AE371A71CA4E9CE009F32AE /* default_carReport_main_line_highlighted@2x.png */ = {isa = PBXFileReference; lastKnownFileType = image.png; path = "default_carReport_main_line_highlighted@2x.png"; sourceTree = "<group>"; };
		7AE371A81CA4E9CE009F32AE /* default_carReport_main_line_highlighted@3x.png */ = {isa = PBXFileReference; lastKnownFileType = image.png; path = "default_carReport_main_line_highlighted@3x.png"; sourceTree = "<group>"; };
		7AE371A91CA4E9CE009F32AE /* default_common_highlightpoint_normal@2x.png */ = {isa = PBXFileReference; lastKnownFileType = image.png; path = "default_common_highlightpoint_normal@2x.png"; sourceTree = "<group>"; };
		7AE371AA1CA4E9CE009F32AE /* default_common_route_endpoint_normal@2x.png */ = {isa = PBXFileReference; lastKnownFileType = image.png; path = "default_common_route_endpoint_normal@2x.png"; sourceTree = "<group>"; };
		7AE371AB1CA4E9CE009F32AE /* default_common_route_startpoint_normal@2x.png */ = {isa = PBXFileReference; lastKnownFileType = image.png; path = "default_common_route_startpoint_normal@2x.png"; sourceTree = "<group>"; };
		7AE371AC1CA4E9CE009F32AE /* default_generalsearch_headerviewbtn_telicon_normal@2x.png */ = {isa = PBXFileReference; lastKnownFileType = image.png; path = "default_generalsearch_headerviewbtn_telicon_normal@2x.png"; sourceTree = "<group>"; };
		7AE371AD1CA4E9CE009F32AE /* default_generalsearch_headerviewbtn_telicon_normal@3x.png */ = {isa = PBXFileReference; lastKnownFileType = image.png; path = "default_generalsearch_headerviewbtn_telicon_normal@3x.png"; sourceTree = "<group>"; };
		7AE371AE1CA4E9CE009F32AE /* default_groupbuying_telephone_button_normal@2x.png */ = {isa = PBXFileReference; lastKnownFileType = image.png; path = "default_groupbuying_telephone_button_normal@2x.png"; sourceTree = "<group>"; };
		7AE371AF1CA4E9CE009F32AE /* default_groupbuying_telephone_button_normal@3x.png */ = {isa = PBXFileReference; lastKnownFileType = image.png; path = "default_groupbuying_telephone_button_normal@3x.png"; sourceTree = "<group>"; };
		8EE812DF006AE51CB27903EC /* Pods.debug.xcconfig */ = {isa = PBXFileReference; includeInIndex = 1; lastKnownFileType = text.xcconfig; name = Pods.debug.xcconfig; path = "Pods/Target Support Files/Pods/Pods.debug.xcconfig"; sourceTree = "<group>"; };
		A2B6C752B03F224A6B9A60F9 /* libPods.a */ = {isa = PBXFileReference; explicitFileType = archive.ar; includeInIndex = 0; path = libPods.a; sourceTree = BUILT_PRODUCTS_DIR; };
		DA9378A61C9FF5E4002B2C3B /* BreakModel.h */ = {isa = PBXFileReference; fileEncoding = 4; lastKnownFileType = sourcecode.c.h; name = BreakModel.h; path = ../BreakModel.h; sourceTree = "<group>"; };
		DA9378A71C9FF5E4002B2C3B /* BreakModel.m */ = {isa = PBXFileReference; fileEncoding = 4; lastKnownFileType = sourcecode.c.objc; name = BreakModel.m; path = ../BreakModel.m; sourceTree = "<group>"; };
		DA9378A91CA00EEC002B2C3B /* DateHandel.h */ = {isa = PBXFileReference; fileEncoding = 4; lastKnownFileType = sourcecode.c.h; path = DateHandel.h; sourceTree = "<group>"; };
		DA9378AA1CA00EEC002B2C3B /* DateHandel.m */ = {isa = PBXFileReference; fileEncoding = 4; lastKnownFileType = sourcecode.c.objc; path = DateHandel.m; sourceTree = "<group>"; };
		DA973FF01CA26F5E0057B8DB /* icon_for_enable@2x.png */ = {isa = PBXFileReference; lastKnownFileType = image.png; path = "icon_for_enable@2x.png"; sourceTree = "<group>"; };
		DA973FF21CA26F770057B8DB /* icon_against_enable@2x.png */ = {isa = PBXFileReference; lastKnownFileType = image.png; path = "icon_against_enable@2x.png"; sourceTree = "<group>"; };
		DA973FF41CA26F850057B8DB /* icon_comment@2x.png */ = {isa = PBXFileReference; lastKnownFileType = image.png; path = "icon_comment@2x.png"; sourceTree = "<group>"; };
		DA973FF61CA26FD20057B8DB /* icon_share@2x.png */ = {isa = PBXFileReference; lastKnownFileType = image.png; path = "icon_share@2x.png"; sourceTree = "<group>"; };
		DAA099991C9B87CF0034737C /* NewTableViewCell.h */ = {isa = PBXFileReference; fileEncoding = 4; lastKnownFileType = sourcecode.c.h; path = NewTableViewCell.h; sourceTree = "<group>"; };
		DAA0999A1C9B87CF0034737C /* NewTableViewCell.m */ = {isa = PBXFileReference; fileEncoding = 4; lastKnownFileType = sourcecode.c.objc; path = NewTableViewCell.m; sourceTree = "<group>"; };
		DAA0999C1C9BD7010034737C /* CarportTableViewController.h */ = {isa = PBXFileReference; fileEncoding = 4; lastKnownFileType = sourcecode.c.h; path = CarportTableViewController.h; sourceTree = "<group>"; };
		DAA0999D1C9BD7010034737C /* CarportTableViewController.m */ = {isa = PBXFileReference; fileEncoding = 4; lastKnownFileType = sourcecode.c.objc; path = CarportTableViewController.m; sourceTree = "<group>"; };
		DAA099A71C9BE40C0034737C /* CarportTableViewCell.h */ = {isa = PBXFileReference; fileEncoding = 4; lastKnownFileType = sourcecode.c.h; path = CarportTableViewCell.h; sourceTree = "<group>"; };
		DAA099A81C9BE40C0034737C /* CarportTableViewCell.m */ = {isa = PBXFileReference; fileEncoding = 4; lastKnownFileType = sourcecode.c.objc; path = CarportTableViewCell.m; sourceTree = "<group>"; };
		DAA099A91C9BE40C0034737C /* CarportTableViewCell.xib */ = {isa = PBXFileReference; fileEncoding = 4; lastKnownFileType = file.xib; path = CarportTableViewCell.xib; sourceTree = "<group>"; };
		DAA099B21C9C22DD0034737C /* DepotModel.h */ = {isa = PBXFileReference; fileEncoding = 4; lastKnownFileType = sourcecode.c.h; path = DepotModel.h; sourceTree = "<group>"; };
		DAA099B31C9C22DD0034737C /* DepotModel.m */ = {isa = PBXFileReference; fileEncoding = 4; lastKnownFileType = sourcecode.c.objc; path = DepotModel.m; sourceTree = "<group>"; };
		DAA099BE1C9C2B4D0034737C /* JHAPISDK.h */ = {isa = PBXFileReference; lastKnownFileType = sourcecode.c.h; path = JHAPISDK.h; sourceTree = "<group>"; };
		DAA099BF1C9C2B4D0034737C /* JHOpenidSupplier.h */ = {isa = PBXFileReference; lastKnownFileType = sourcecode.c.h; path = JHOpenidSupplier.h; sourceTree = "<group>"; };
		DAA099C21C9C2CA40034737C /* CoreLocation.framework */ = {isa = PBXFileReference; lastKnownFileType = wrapper.framework; name = CoreLocation.framework; path = System/Library/Frameworks/CoreLocation.framework; sourceTree = SDKROOT; };
		DAA099C41C9C2CB50034737C /* AdSupport.framework */ = {isa = PBXFileReference; lastKnownFileType = wrapper.framework; name = AdSupport.framework; path = System/Library/Frameworks/AdSupport.framework; sourceTree = SDKROOT; };
		DAA099C61C9C2CC30034737C /* CoreTelephony.framework */ = {isa = PBXFileReference; lastKnownFileType = wrapper.framework; name = CoreTelephony.framework; path = System/Library/Frameworks/CoreTelephony.framework; sourceTree = SDKROOT; };
		DAA099C81C9C2D3F0034737C /* JuheApisSDK.a */ = {isa = PBXFileReference; lastKnownFileType = archive.ar; path = JuheApisSDK.a; sourceTree = "<group>"; };
		DAA099CC1C9C2E5B0034737C /* libc++.tbd */ = {isa = PBXFileReference; lastKnownFileType = "sourcecode.text-based-dylib-definition"; name = "libc++.tbd"; path = "usr/lib/libc++.tbd"; sourceTree = SDKROOT; };
		DAA099CE1C9C2F9C0034737C /* FoodRequest.h */ = {isa = PBXFileReference; fileEncoding = 4; lastKnownFileType = sourcecode.c.h; path = FoodRequest.h; sourceTree = "<group>"; };
		DAA099CF1C9C2F9C0034737C /* FoodRequest.m */ = {isa = PBXFileReference; fileEncoding = 4; lastKnownFileType = sourcecode.c.objc; path = FoodRequest.m; sourceTree = "<group>"; };
		DAA2DA6C1C98E8F200A230EC /* VedioTableViewCell.h */ = {isa = PBXFileReference; fileEncoding = 4; lastKnownFileType = sourcecode.c.h; path = VedioTableViewCell.h; sourceTree = "<group>"; };
		DAA2DA6D1C98E8F200A230EC /* VedioTableViewCell.m */ = {isa = PBXFileReference; fileEncoding = 4; lastKnownFileType = sourcecode.c.objc; path = VedioTableViewCell.m; sourceTree = "<group>"; };
		DAA2DA6F1C99320400A230EC /* PrefixHeader.pch */ = {isa = PBXFileReference; lastKnownFileType = sourcecode.c.h; path = PrefixHeader.pch; sourceTree = "<group>"; };
		DAA2DA701C99516B00A230EC /* BreakTableViewCell.h */ = {isa = PBXFileReference; fileEncoding = 4; lastKnownFileType = sourcecode.c.h; path = BreakTableViewCell.h; sourceTree = "<group>"; };
		DAA2DA711C99516B00A230EC /* BreakTableViewCell.m */ = {isa = PBXFileReference; fileEncoding = 4; lastKnownFileType = sourcecode.c.objc; path = BreakTableViewCell.m; sourceTree = "<group>"; };
		DAA2DA761C99A0CE00A230EC /* PicTableViewCell.h */ = {isa = PBXFileReference; fileEncoding = 4; lastKnownFileType = sourcecode.c.h; path = PicTableViewCell.h; sourceTree = "<group>"; };
		DAA2DA771C99A0CE00A230EC /* PicTableViewCell.m */ = {isa = PBXFileReference; fileEncoding = 4; lastKnownFileType = sourcecode.c.objc; path = PicTableViewCell.m; sourceTree = "<group>"; };
		DAA2DA791C99ABCF00A230EC /* SecnicTableViewCell.h */ = {isa = PBXFileReference; fileEncoding = 4; lastKnownFileType = sourcecode.c.h; path = SecnicTableViewCell.h; sourceTree = "<group>"; };
		DAA2DA7A1C99ABCF00A230EC /* SecnicTableViewCell.m */ = {isa = PBXFileReference; fileEncoding = 4; lastKnownFileType = sourcecode.c.objc; path = SecnicTableViewCell.m; sourceTree = "<group>"; };
		DAA2DA7C1C99AE4600A230EC /* FoodTableViewCell.h */ = {isa = PBXFileReference; fileEncoding = 4; lastKnownFileType = sourcecode.c.h; path = FoodTableViewCell.h; sourceTree = "<group>"; };
		DAA2DA7D1C99AE4600A230EC /* FoodTableViewCell.m */ = {isa = PBXFileReference; fileEncoding = 4; lastKnownFileType = sourcecode.c.objc; path = FoodTableViewCell.m; sourceTree = "<group>"; };
		DAAD95921C9D772F008FE4C2 /* FoodDetailTableViewController.h */ = {isa = PBXFileReference; fileEncoding = 4; lastKnownFileType = sourcecode.c.h; path = FoodDetailTableViewController.h; sourceTree = "<group>"; };
		DAAD95931C9D772F008FE4C2 /* FoodDetailTableViewController.m */ = {isa = PBXFileReference; fileEncoding = 4; lastKnownFileType = sourcecode.c.objc; path = FoodDetailTableViewController.m; sourceTree = "<group>"; };
		DAAD95941C9D772F008FE4C2 /* FoodDetailTableViewCell.h */ = {isa = PBXFileReference; fileEncoding = 4; lastKnownFileType = sourcecode.c.h; name = FoodDetailTableViewCell.h; path = ../FoodDetailTableViewCell.h; sourceTree = "<group>"; };
		DAAD95951C9D772F008FE4C2 /* FoodDetailTableViewCell.m */ = {isa = PBXFileReference; fileEncoding = 4; lastKnownFileType = sourcecode.c.objc; name = FoodDetailTableViewCell.m; path = ../FoodDetailTableViewCell.m; sourceTree = "<group>"; };
		DAB1E6BA1C9AD5E600DEBA85 /* BreakImageViewCell.h */ = {isa = PBXFileReference; fileEncoding = 4; lastKnownFileType = sourcecode.c.h; path = BreakImageViewCell.h; sourceTree = "<group>"; };
		DAB1E6BB1C9AD5E600DEBA85 /* BreakImageViewCell.m */ = {isa = PBXFileReference; fileEncoding = 4; lastKnownFileType = sourcecode.c.objc; path = BreakImageViewCell.m; sourceTree = "<group>"; };
		DABFBB5C1C980E5600EFD120 /* 乐旅.app */ = {isa = PBXFileReference; explicitFileType = wrapper.application; includeInIndex = 0; path = "乐旅.app"; sourceTree = BUILT_PRODUCTS_DIR; };
		DABFBB601C980E5600EFD120 /* main.m */ = {isa = PBXFileReference; lastKnownFileType = sourcecode.c.objc; path = main.m; sourceTree = "<group>"; };
		DABFBB621C980E5600EFD120 /* AppDelegate.h */ = {isa = PBXFileReference; lastKnownFileType = sourcecode.c.h; name = AppDelegate.h; path = ../AppDelegate.h; sourceTree = "<group>"; };
		DABFBB631C980E5600EFD120 /* AppDelegate.mm */ = {isa = PBXFileReference; lastKnownFileType = sourcecode.cpp.objcpp; name = AppDelegate.mm; path = ../AppDelegate.mm; sourceTree = "<group>"; };
		DABFBB6B1C980E5600EFD120 /* Assets.xcassets */ = {isa = PBXFileReference; lastKnownFileType = folder.assetcatalog; name = Assets.xcassets; path = ../Assets.xcassets; sourceTree = "<group>"; };
		DABFBB6E1C980E5600EFD120 /* Base */ = {isa = PBXFileReference; lastKnownFileType = file.storyboard; name = Base; path = Base.lproj/LaunchScreen.storyboard; sourceTree = "<group>"; };
		DABFBB701C980E5600EFD120 /* Info.plist */ = {isa = PBXFileReference; lastKnownFileType = text.plist.xml; name = Info.plist; path = ../Info.plist; sourceTree = "<group>"; };
		DABFBBE41C982B2900EFD120 /* RootTabBarController.h */ = {isa = PBXFileReference; fileEncoding = 4; lastKnownFileType = sourcecode.c.h; path = RootTabBarController.h; sourceTree = "<group>"; };
		DABFBBE51C982B2900EFD120 /* RootTabBarController.m */ = {isa = PBXFileReference; fileEncoding = 4; lastKnownFileType = sourcecode.c.objc; path = RootTabBarController.m; sourceTree = "<group>"; };
		DABFBBE71C982B5700EFD120 /* RecreationViewController.h */ = {isa = PBXFileReference; fileEncoding = 4; lastKnownFileType = sourcecode.c.h; path = RecreationViewController.h; sourceTree = "<group>"; };
		DABFBBE81C982B5700EFD120 /* RecreationViewController.m */ = {isa = PBXFileReference; fileEncoding = 4; lastKnownFileType = sourcecode.c.objc; path = RecreationViewController.m; sourceTree = "<group>"; };
		DABFBBEA1C982B6D00EFD120 /* NewTableViewController.h */ = {isa = PBXFileReference; fileEncoding = 4; lastKnownFileType = sourcecode.c.h; path = NewTableViewController.h; sourceTree = "<group>"; };
		DABFBBEB1C982B6D00EFD120 /* NewTableViewController.m */ = {isa = PBXFileReference; fileEncoding = 4; lastKnownFileType = sourcecode.c.objc; path = NewTableViewController.m; sourceTree = "<group>"; };
		DABFBBED1C982B8000EFD120 /* PivterTableViewController.h */ = {isa = PBXFileReference; fileEncoding = 4; lastKnownFileType = sourcecode.c.h; path = PivterTableViewController.h; sourceTree = "<group>"; };
		DABFBBEE1C982B8000EFD120 /* PivterTableViewController.m */ = {isa = PBXFileReference; fileEncoding = 4; lastKnownFileType = sourcecode.c.objc; path = PivterTableViewController.m; sourceTree = "<group>"; };
		DABFBBF01C982B9600EFD120 /* PicDetaTableViewController.h */ = {isa = PBXFileReference; fileEncoding = 4; lastKnownFileType = sourcecode.c.h; path = PicDetaTableViewController.h; sourceTree = "<group>"; };
		DABFBBF11C982B9600EFD120 /* PicDetaTableViewController.m */ = {isa = PBXFileReference; fileEncoding = 4; lastKnownFileType = sourcecode.c.objc; path = PicDetaTableViewController.m; sourceTree = "<group>"; };
		DABFBBF31C982BAB00EFD120 /* VedioTableViewController.h */ = {isa = PBXFileReference; fileEncoding = 4; lastKnownFileType = sourcecode.c.h; path = VedioTableViewController.h; sourceTree = "<group>"; };
		DABFBBF41C982BAB00EFD120 /* VedioTableViewController.m */ = {isa = PBXFileReference; fileEncoding = 4; lastKnownFileType = sourcecode.c.objc; path = VedioTableViewController.m; sourceTree = "<group>"; };
		DABFBBF61C982BBC00EFD120 /* BreakTableViewController.h */ = {isa = PBXFileReference; fileEncoding = 4; lastKnownFileType = sourcecode.c.h; path = BreakTableViewController.h; sourceTree = "<group>"; };
		DABFBBF71C982BBC00EFD120 /* BreakTableViewController.m */ = {isa = PBXFileReference; fileEncoding = 4; lastKnownFileType = sourcecode.c.objc; path = BreakTableViewController.m; sourceTree = "<group>"; };
		DABFBBF91C982BEB00EFD120 /* DetailsTableViewController.h */ = {isa = PBXFileReference; fileEncoding = 4; lastKnownFileType = sourcecode.c.h; name = DetailsTableViewController.h; path = ../DetailsTableViewController.h; sourceTree = "<group>"; };
		DABFBBFA1C982BEB00EFD120 /* DetailsTableViewController.m */ = {isa = PBXFileReference; fileEncoding = 4; lastKnownFileType = sourcecode.c.objc; name = DetailsTableViewController.m; path = ../DetailsTableViewController.m; sourceTree = "<group>"; };
		DABFBBFC1C982BF500EFD120 /* DetailsTableViewCell.h */ = {isa = PBXFileReference; fileEncoding = 4; lastKnownFileType = sourcecode.c.h; path = DetailsTableViewCell.h; sourceTree = "<group>"; };
		DABFBBFD1C982BF500EFD120 /* DetailsTableViewCell.m */ = {isa = PBXFileReference; fileEncoding = 4; lastKnownFileType = sourcecode.c.objc; path = DetailsTableViewCell.m; sourceTree = "<group>"; };
		DABFBC021C982C2200EFD120 /* ScenicTableViewController.h */ = {isa = PBXFileReference; fileEncoding = 4; lastKnownFileType = sourcecode.c.h; name = ScenicTableViewController.h; path = ../ScenicTableViewController.h; sourceTree = "<group>"; };
		DABFBC031C982C2200EFD120 /* ScenicTableViewController.m */ = {isa = PBXFileReference; fileEncoding = 4; lastKnownFileType = sourcecode.c.objc; name = ScenicTableViewController.m; path = ../ScenicTableViewController.m; sourceTree = "<group>"; };
		DABFBC051C982C3000EFD120 /* MeTableViewController.h */ = {isa = PBXFileReference; fileEncoding = 4; lastKnownFileType = sourcecode.c.h; path = MeTableViewController.h; sourceTree = "<group>"; };
		DABFBC061C982C3000EFD120 /* MeTableViewController.m */ = {isa = PBXFileReference; fileEncoding = 4; lastKnownFileType = sourcecode.c.objc; path = MeTableViewController.m; sourceTree = "<group>"; };
		FE6F153DBE2CE2DCA9D7CF17 /* Pods.release.xcconfig */ = {isa = PBXFileReference; includeInIndex = 1; lastKnownFileType = text.xcconfig; name = Pods.release.xcconfig; path = "Pods/Target Support Files/Pods/Pods.release.xcconfig"; sourceTree = "<group>"; };
/* End PBXFileReference section */

/* Begin PBXFrameworksBuildPhase section */
		DABFBB591C980E5600EFD120 /* Frameworks */ = {
			isa = PBXFrameworksBuildPhase;
			buildActionMask = 2147483647;
			files = (
				DAA099CD1C9C2E5B0034737C /* libc++.tbd in Frameworks */,
				DAA099C71C9C2CC30034737C /* CoreTelephony.framework in Frameworks */,
				DAA099C51C9C2CB50034737C /* AdSupport.framework in Frameworks */,
				DAA099C91C9C2D3F0034737C /* JuheApisSDK.a in Frameworks */,
				DAA099C31C9C2CA40034737C /* CoreLocation.framework in Frameworks */,
				5A24B273D79A192FF9C82E22 /* libPods.a in Frameworks */,
			);
			runOnlyForDeploymentPostprocessing = 0;
		};
/* End PBXFrameworksBuildPhase section */

/* Begin PBXGroup section */
		61701FEC1CA3CB1300C6BAF7 /* pictures */ = {
			isa = PBXGroup;
			children = (
				61701FED1CA3CB2500C6BAF7 /* video_list_cell_time@2x.png */,
				61701FEE1CA3CB2500C6BAF7 /* video_list_cell_icon@2x.png */,
				61701FEF1CA3CB2500C6BAF7 /* contentview_play@2x.png */,
			);
			path = pictures;
			sourceTree = "<group>";
		};
		61701FF31CA3CB3E00C6BAF7 /* Tool */ = {
			isa = PBXGroup;
			children = (
				61701FF41CA3CB4D00C6BAF7 /* ModelTitle.m */,
				61701FF51CA3CB4D00C6BAF7 /* ModelTitle.h */,
				61701FF61CA3CB4D00C6BAF7 /* DateRequest.h */,
				61701FF71CA3CB4D00C6BAF7 /* DateRequest.m */,
				61701FF81CA3CB4D00C6BAF7 /* shared.h */,
				61701FF91CA3CB4D00C6BAF7 /* shared.m */,
			);
			path = Tool;
			sourceTree = "<group>";
		};
		7AE371781CA4E21B009F32AE /* 抽屉 */ = {
			isa = PBXGroup;
			children = (
				7AE371791CA4E232009F32AE /* UIBarButtonItem+Extension.h */,
				7AE3717A1CA4E232009F32AE /* UIBarButtonItem+Extension.m */,
				7AE3717B1CA4E232009F32AE /* FoodViewController.h */,
				7AE3717C1CA4E232009F32AE /* FoodViewController.m */,
				7AE3717D1CA4E232009F32AE /* UIView+SHCZExt.h */,
				7AE3717E1CA4E232009F32AE /* UIView+SHCZExt.m */,
				7AE3717F1CA4E232009F32AE /* WDNavigationController.h */,
				7AE371801CA4E232009F32AE /* WDNavigationController.m */,
				7AE371811CA4E232009F32AE /* WDLeftView.h */,
				7AE371821CA4E232009F32AE /* WDLeftView.m */,
				7AE371831CA4E232009F32AE /* sidebar_bg@2x.jpg */,
			);
			path = "抽屉";
			sourceTree = "<group>";
		};
		7AE3718D1CA4E29D009F32AE /* M */ = {
			isa = PBXGroup;
			children = (
				7AE3718E1CA4E2CA009F32AE /* FoodModel.h */,
				7AE3718F1CA4E2CA009F32AE /* FoodModel.m */,
			);
			path = M;
			sourceTree = "<group>";
		};
		7AE371911CA4E2F0009F32AE /* C */ = {
			isa = PBXGroup;
			children = (
				7AE371921CA4E305009F32AE /* FoodTableViewController.h */,
				7AE371931CA4E305009F32AE /* FoodTableViewController.m */,
				7AE371941CA4E305009F32AE /* MyFavoriteViewController.h */,
				7AE371951CA4E305009F32AE /* MyFavoriteViewController.m */,
				7AE371751CA4E14A009F32AE /* SearchViewController.h */,
				7AE371761CA4E14A009F32AE /* SearchViewController.m */,
			);
			name = C;
			path = V/C;
			sourceTree = "<group>";
		};
		7AE371981CA4E42F009F32AE /* M */ = {
			isa = PBXGroup;
			children = (
				7AE3715F1CA4DF0E009F32AE /* Model.h */,
				7AE371601CA4DF0E009F32AE /* Model.m */,
				7AE371611CA4DF0E009F32AE /* URL.h */,
				7AE371621CA4DF0E009F32AE /* Request.h */,
				7AE371631CA4DF0E009F32AE /* Request.m */,
				7AE371641CA4DF0E009F32AE /* DetailRequest.h */,
				7AE371651CA4DF0E009F32AE /* DetailRequest.m */,
			);
			path = M;
			sourceTree = "<group>";
		};
		7AE371991CA4E48A009F32AE /* C */ = {
			isa = PBXGroup;
			children = (
				DABFBC021C982C2200EFD120 /* ScenicTableViewController.h */,
				DABFBC031C982C2200EFD120 /* ScenicTableViewController.m */,
				7AE371501CA4DEEF009F32AE /* NationTwoTableViewController.h */,
				7AE371511CA4DEEF009F32AE /* NationTwoTableViewController.m */,
				7AE371521CA4DEEF009F32AE /* NationThreeTableViewController.h */,
				7AE371531CA4DEEF009F32AE /* NationThreeTableViewController.m */,
				7AE371541CA4DEEF009F32AE /* NationFourTableViewController.h */,
				7AE371551CA4DEEF009F32AE /* NationFourTableViewController.m */,
			);
			path = C;
			sourceTree = "<group>";
		};
		7AE3719A1CA4E9A3009F32AE /* foodImage */ = {
			isa = PBXGroup;
			children = (
				7AE3719B1CA4E9CE009F32AE /* default_autonavi_icon@2x.png */,
				7AE3719C1CA4E9CE009F32AE /* 1.jpg */,
				7AE3719D1CA4E9CE009F32AE /* 2.png */,
				7AE3719E1CA4E9CE009F32AE /* 3.jpg */,
				7AE3719F1CA4E9CE009F32AE /* 5.jpg */,
				7AE371A01CA4E9CE009F32AE /* default_autonavi_icon@3x.png */,
				7AE371A11CA4E9CE009F32AE /* default_bank_sugg_tqueryicon_normal@3x.png */,
				7AE371A21CA4E9CE009F32AE /* default_busline_returnbus_btnbg_normal@2x.png */,
				7AE371A31CA4E9CE009F32AE /* default_busline_returnbus_btnbg_normal@3x.png */,
				7AE371A41CA4E9CE009F32AE /* default_busnavi_location_arrow@2x.png */,
				7AE371A51CA4E9CE009F32AE /* default_busnavi_location_arrow@3x.png */,
				7AE371A61CA4E9CE009F32AE /* default_carReport_bubbleoffline@2x.png */,
				7AE371A71CA4E9CE009F32AE /* default_carReport_main_line_highlighted@2x.png */,
				7AE371A81CA4E9CE009F32AE /* default_carReport_main_line_highlighted@3x.png */,
				7AE371A91CA4E9CE009F32AE /* default_common_highlightpoint_normal@2x.png */,
				7AE371AA1CA4E9CE009F32AE /* default_common_route_endpoint_normal@2x.png */,
				7AE371AB1CA4E9CE009F32AE /* default_common_route_startpoint_normal@2x.png */,
				7AE371AC1CA4E9CE009F32AE /* default_generalsearch_headerviewbtn_telicon_normal@2x.png */,
				7AE371AD1CA4E9CE009F32AE /* default_generalsearch_headerviewbtn_telicon_normal@3x.png */,
				7AE371AE1CA4E9CE009F32AE /* default_groupbuying_telephone_button_normal@2x.png */,
				7AE371AF1CA4E9CE009F32AE /* default_groupbuying_telephone_button_normal@3x.png */,
			);
			path = foodImage;
			sourceTree = "<group>";
		};
		DA93785A1C9F84ED002B2C3B /* Tools */ = {
			isa = PBXGroup;
			children = (
				DA973FF61CA26FD20057B8DB /* icon_share@2x.png */,
				DA973FF01CA26F5E0057B8DB /* icon_for_enable@2x.png */,
				DA973FF21CA26F770057B8DB /* icon_against_enable@2x.png */,
				DA973FF41CA26F850057B8DB /* icon_comment@2x.png */,
				DA9378A91CA00EEC002B2C3B /* DateHandel.h */,
				DA9378AA1CA00EEC002B2C3B /* DateHandel.m */,
			);
			name = Tools;
			sourceTree = "<group>";
		};
		DAA0999F1C9BD7130034737C /* 车库 */ = {
			isa = PBXGroup;
			children = (
				DAA099A31C9BD7360034737C /* M */,
				DAA099A21C9BD7310034737C /* C */,
				DAA099A01C9BD7220034737C /* V */,
			);
			name = "车库";
			sourceTree = "<group>";
		};
		DAA099A01C9BD7220034737C /* V */ = {
			isa = PBXGroup;
			children = (
				DAA099A71C9BE40C0034737C /* CarportTableViewCell.h */,
				DAA099A81C9BE40C0034737C /* CarportTableViewCell.m */,
				DAA099A91C9BE40C0034737C /* CarportTableViewCell.xib */,
			);
			name = V;
			sourceTree = "<group>";
		};
		DAA099A21C9BD7310034737C /* C */ = {
			isa = PBXGroup;
			children = (
				DAA0999C1C9BD7010034737C /* CarportTableViewController.h */,
				DAA0999D1C9BD7010034737C /* CarportTableViewController.m */,
			);
			name = C;
			sourceTree = "<group>";
		};
		DAA099A31C9BD7360034737C /* M */ = {
			isa = PBXGroup;
			children = (
				DAA099B21C9C22DD0034737C /* DepotModel.h */,
				DAA099B31C9C22DD0034737C /* DepotModel.m */,
			);
			name = M;
			sourceTree = "<group>";
		};
		DAA099B51C9C288E0034737C /* Tools */ = {
			isa = PBXGroup;
			children = (
				DAA099BE1C9C2B4D0034737C /* JHAPISDK.h */,
				DAA099BF1C9C2B4D0034737C /* JHOpenidSupplier.h */,
				DAA099C81C9C2D3F0034737C /* JuheApisSDK.a */,
				DAA099CE1C9C2F9C0034737C /* FoodRequest.h */,
				DAA099CF1C9C2F9C0034737C /* FoodRequest.m */,
			);
			name = Tools;
			sourceTree = "<group>";
		};
		DAAD95911C9D7709008FE4C2 /* 详情 */ = {
			isa = PBXGroup;
			children = (
				DAAD95921C9D772F008FE4C2 /* FoodDetailTableViewController.h */,
				DAAD95931C9D772F008FE4C2 /* FoodDetailTableViewController.m */,
				7AE371691CA4E04B009F32AE /* HXShareScrollView.h */,
				7AE3716A1CA4E04B009F32AE /* HXShareScrollView.m */,
				7AE3716B1CA4E04B009F32AE /* HXEasyCustomShareView.h */,
				7AE3716C1CA4E04B009F32AE /* HXEasyCustomShareView.m */,
			);
			name = "详情";
			sourceTree = "<group>";
		};
		DABFBB531C980E5600EFD120 = {
			isa = PBXGroup;
			children = (
				DABFBB5E1C980E5600EFD120 /* 乐旅 */,
				DABFBB5D1C980E5600EFD120 /* Products */,
				DEB8098F1301CCC8D7EE75D9 /* Pods */,
				E7B01E323E2E81653DCCC59B /* Frameworks */,
			);
			sourceTree = "<group>";
		};
		DABFBB5D1C980E5600EFD120 /* Products */ = {
			isa = PBXGroup;
			children = (
				DABFBB5C1C980E5600EFD120 /* 乐旅.app */,
			);
			name = Products;
			sourceTree = "<group>";
		};
		DABFBB5E1C980E5600EFD120 /* 乐旅 */ = {
			isa = PBXGroup;
			children = (
				DABFBBCA1C982A6A00EFD120 /* 娱乐 */,
				DABFBBBE1C982A5D00EFD120 /* 景点 */,
				DABFBBC21C982A5D00EFD120 /* 美食 */,
				DABFBBC61C982A6A00EFD120 /* 我 */,
				DABFBB821C98110800EFD120 /* 其他 */,
				DABFBB5F1C980E5600EFD120 /* Supporting Files */,
			);
			path = "乐旅";
			sourceTree = "<group>";
		};
		DABFBB5F1C980E5600EFD120 /* Supporting Files */ = {
			isa = PBXGroup;
			children = (
				DABFBB601C980E5600EFD120 /* main.m */,
			);
			name = "Supporting Files";
			sourceTree = "<group>";
		};
		DABFBB821C98110800EFD120 /* 其他 */ = {
			isa = PBXGroup;
			children = (
				DABFBB621C980E5600EFD120 /* AppDelegate.h */,
				DABFBB631C980E5600EFD120 /* AppDelegate.mm */,
				DABFBBE41C982B2900EFD120 /* RootTabBarController.h */,
				DABFBBE51C982B2900EFD120 /* RootTabBarController.m */,
				DAA2DA6F1C99320400A230EC /* PrefixHeader.pch */,
				DABFBB6B1C980E5600EFD120 /* Assets.xcassets */,
				DABFBB6D1C980E5600EFD120 /* LaunchScreen.storyboard */,
				DABFBB701C980E5600EFD120 /* Info.plist */,
			);
			path = "其他";
			sourceTree = "<group>";
		};
		DABFBBBE1C982A5D00EFD120 /* 景点 */ = {
			isa = PBXGroup;
			children = (
				7AE371991CA4E48A009F32AE /* C */,
				7AE371981CA4E42F009F32AE /* M */,
				DABFBBC11C982A5D00EFD120 /* V */,
			);
			path = "景点";
			sourceTree = "<group>";
		};
		DABFBBC11C982A5D00EFD120 /* V */ = {
			isa = PBXGroup;
			children = (
				DAA2DA791C99ABCF00A230EC /* SecnicTableViewCell.h */,
				DAA2DA7A1C99ABCF00A230EC /* SecnicTableViewCell.m */,
				7AE371561CA4DEEF009F32AE /* NationwideTableViewCell.h */,
				7AE371571CA4DEEF009F32AE /* NationwideTableViewCell.m */,
				7AE371581CA4DEEF009F32AE /* PublicTableViewCell.h */,
				7AE371591CA4DEEF009F32AE /* PublicTableViewCell.m */,
			);
			path = V;
			sourceTree = "<group>";
		};
		DABFBBC21C982A5D00EFD120 /* 美食 */ = {
			isa = PBXGroup;
			children = (
				7AE371781CA4E21B009F32AE /* 抽屉 */,
				DAAD95911C9D7709008FE4C2 /* 详情 */,
				7AE371911CA4E2F0009F32AE /* C */,
				DABFBBC51C982A5D00EFD120 /* V */,
				7AE3719A1CA4E9A3009F32AE /* foodImage */,
				DAA0999F1C9BD7130034737C /* 车库 */,
				7AE3718D1CA4E29D009F32AE /* M */,
				DAA099B51C9C288E0034737C /* Tools */,
			);
			path = "美食";
			sourceTree = "<group>";
		};
		DABFBBC51C982A5D00EFD120 /* V */ = {
			isa = PBXGroup;
			children = (
				DAA2DA7D1C99AE4600A230EC /* FoodTableViewCell.m */,
				DAA2DA7C1C99AE4600A230EC /* FoodTableViewCell.h */,
				DAAD95941C9D772F008FE4C2 /* FoodDetailTableViewCell.h */,
				DAAD95951C9D772F008FE4C2 /* FoodDetailTableViewCell.m */,
			);
			path = V;
			sourceTree = "<group>";
		};
		DABFBBC61C982A6A00EFD120 /* 我 */ = {
			isa = PBXGroup;
			children = (
				DABFBBC71C982A6A00EFD120 /* C */,
				DABFBC051C982C3000EFD120 /* MeTableViewController.h */,
				DABFBC061C982C3000EFD120 /* MeTableViewController.m */,
				DABFBBC81C982A6A00EFD120 /* M */,
				DABFBBC91C982A6A00EFD120 /* V */,
			);
			path = "我";
			sourceTree = "<group>";
		};
		DABFBBC71C982A6A00EFD120 /* C */ = {
			isa = PBXGroup;
			children = (
			);
			path = C;
			sourceTree = "<group>";
		};
		DABFBBC81C982A6A00EFD120 /* M */ = {
			isa = PBXGroup;
			children = (
			);
			path = M;
			sourceTree = "<group>";
		};
		DABFBBC91C982A6A00EFD120 /* V */ = {
			isa = PBXGroup;
			children = (
			);
			path = V;
			sourceTree = "<group>";
		};
		DABFBBCA1C982A6A00EFD120 /* 娱乐 */ = {
			isa = PBXGroup;
			children = (
				DABFBBCB1C982A6A00EFD120 /* 主要 */,
				DABFBBCC1C982A6A00EFD120 /* 图片 */,
				DABFBBD41C982A6A00EFD120 /* 新闻 */,
				DABFBBD81C982A6A00EFD120 /* 段子 */,
				DABFBBE01C982A6A00EFD120 /* 视频 */,
			);
			path = "娱乐";
			sourceTree = "<group>";
		};
		DABFBBCB1C982A6A00EFD120 /* 主要 */ = {
			isa = PBXGroup;
			children = (
				DABFBBE71C982B5700EFD120 /* RecreationViewController.h */,
				DABFBBE81C982B5700EFD120 /* RecreationViewController.m */,
			);
			path = "主要";
			sourceTree = "<group>";
		};
		DABFBBCC1C982A6A00EFD120 /* 图片 */ = {
			isa = PBXGroup;
			children = (
				DABFBBCD1C982A6A00EFD120 /* C */,
				DABFBBCE1C982A6A00EFD120 /* M */,
				DABFBBCF1C982A6A00EFD120 /* V */,
				DABFBBD01C982A6A00EFD120 /* 详情 */,
			);
			path = "图片";
			sourceTree = "<group>";
		};
		DABFBBCD1C982A6A00EFD120 /* C */ = {
			isa = PBXGroup;
			children = (
				DABFBBED1C982B8000EFD120 /* PivterTableViewController.h */,
				DABFBBEE1C982B8000EFD120 /* PivterTableViewController.m */,
			);
			path = C;
			sourceTree = "<group>";
		};
		DABFBBCE1C982A6A00EFD120 /* M */ = {
			isa = PBXGroup;
			children = (
			);
			path = M;
			sourceTree = "<group>";
		};
		DABFBBCF1C982A6A00EFD120 /* V */ = {
			isa = PBXGroup;
			children = (
				DAA2DA761C99A0CE00A230EC /* PicTableViewCell.h */,
				DAA2DA771C99A0CE00A230EC /* PicTableViewCell.m */,
			);
			path = V;
			sourceTree = "<group>";
		};
		DABFBBD01C982A6A00EFD120 /* 详情 */ = {
			isa = PBXGroup;
			children = (
				DABFBBD11C982A6A00EFD120 /* C */,
				DABFBBF01C982B9600EFD120 /* PicDetaTableViewController.h */,
				DABFBBF11C982B9600EFD120 /* PicDetaTableViewController.m */,
				DABFBBD21C982A6A00EFD120 /* M */,
				DABFBBD31C982A6A00EFD120 /* V */,
			);
			path = "详情";
			sourceTree = "<group>";
		};
		DABFBBD11C982A6A00EFD120 /* C */ = {
			isa = PBXGroup;
			children = (
			);
			path = C;
			sourceTree = "<group>";
		};
		DABFBBD21C982A6A00EFD120 /* M */ = {
			isa = PBXGroup;
			children = (
			);
			path = M;
			sourceTree = "<group>";
		};
		DABFBBD31C982A6A00EFD120 /* V */ = {
			isa = PBXGroup;
			children = (
			);
			path = V;
			sourceTree = "<group>";
		};
		DABFBBD41C982A6A00EFD120 /* 新闻 */ = {
			isa = PBXGroup;
			children = (
				DABFBBD51C982A6A00EFD120 /* C */,
				DABFBBD61C982A6A00EFD120 /* M */,
				DABFBBD71C982A6A00EFD120 /* V */,
			);
			path = "新闻";
			sourceTree = "<group>";
		};
		DABFBBD51C982A6A00EFD120 /* C */ = {
			isa = PBXGroup;
			children = (
				DABFBBEA1C982B6D00EFD120 /* NewTableViewController.h */,
				DABFBBEB1C982B6D00EFD120 /* NewTableViewController.m */,
			);
			path = C;
			sourceTree = "<group>";
		};
		DABFBBD61C982A6A00EFD120 /* M */ = {
			isa = PBXGroup;
			children = (
			);
			path = M;
			sourceTree = "<group>";
		};
		DABFBBD71C982A6A00EFD120 /* V */ = {
			isa = PBXGroup;
			children = (
				DAA099991C9B87CF0034737C /* NewTableViewCell.h */,
				DAA0999A1C9B87CF0034737C /* NewTableViewCell.m */,
			);
			path = V;
			sourceTree = "<group>";
		};
		DABFBBD81C982A6A00EFD120 /* 段子 */ = {
			isa = PBXGroup;
			children = (
				DABFBBD91C982A6A00EFD120 /* C */,
				DABFBBDA1C982A6A00EFD120 /* M */,
				DABFBBDB1C982A6A00EFD120 /* V */,
				DABFBBDC1C982A6A00EFD120 /* 详情面 */,
				DA93785A1C9F84ED002B2C3B /* Tools */,
			);
			path = "段子";
			sourceTree = "<group>";
		};
		DABFBBD91C982A6A00EFD120 /* C */ = {
			isa = PBXGroup;
			children = (
				DABFBBF61C982BBC00EFD120 /* BreakTableViewController.h */,
				DABFBBF71C982BBC00EFD120 /* BreakTableViewController.m */,
			);
			path = C;
			sourceTree = "<group>";
		};
		DABFBBDA1C982A6A00EFD120 /* M */ = {
			isa = PBXGroup;
			children = (
				DA9378A61C9FF5E4002B2C3B /* BreakModel.h */,
				DA9378A71C9FF5E4002B2C3B /* BreakModel.m */,
			);
			path = M;
			sourceTree = "<group>";
		};
		DABFBBDB1C982A6A00EFD120 /* V */ = {
			isa = PBXGroup;
			children = (
				DAA2DA701C99516B00A230EC /* BreakTableViewCell.h */,
				DAA2DA711C99516B00A230EC /* BreakTableViewCell.m */,
				DAB1E6BA1C9AD5E600DEBA85 /* BreakImageViewCell.h */,
				DAB1E6BB1C9AD5E600DEBA85 /* BreakImageViewCell.m */,
			);
			path = V;
			sourceTree = "<group>";
		};
		DABFBBDC1C982A6A00EFD120 /* 详情面 */ = {
			isa = PBXGroup;
			children = (
				DABFBBDD1C982A6A00EFD120 /* C */,
				DABFBBDE1C982A6A00EFD120 /* M */,
				DABFBBDF1C982A6A00EFD120 /* V */,
			);
			path = "详情面";
			sourceTree = "<group>";
		};
		DABFBBDD1C982A6A00EFD120 /* C */ = {
			isa = PBXGroup;
			children = (
				DABFBBF91C982BEB00EFD120 /* DetailsTableViewController.h */,
				DABFBBFA1C982BEB00EFD120 /* DetailsTableViewController.m */,
			);
			path = C;
			sourceTree = "<group>";
		};
		DABFBBDE1C982A6A00EFD120 /* M */ = {
			isa = PBXGroup;
			children = (
			);
			path = M;
			sourceTree = "<group>";
		};
		DABFBBDF1C982A6A00EFD120 /* V */ = {
			isa = PBXGroup;
			children = (
				DABFBBFC1C982BF500EFD120 /* DetailsTableViewCell.h */,
				DABFBBFD1C982BF500EFD120 /* DetailsTableViewCell.m */,
			);
			path = V;
			sourceTree = "<group>";
		};
		DABFBBE01C982A6A00EFD120 /* 视频 */ = {
			isa = PBXGroup;
			children = (
				61701FF31CA3CB3E00C6BAF7 /* Tool */,
				61701FEC1CA3CB1300C6BAF7 /* pictures */,
				DABFBBE11C982A6A00EFD120 /* C */,
				DABFBBE21C982A6A00EFD120 /* M */,
				DABFBBE31C982A6A00EFD120 /* V */,
			);
			path = "视频";
			sourceTree = "<group>";
		};
		DABFBBE11C982A6A00EFD120 /* C */ = {
			isa = PBXGroup;
			children = (
				DABFBBF31C982BAB00EFD120 /* VedioTableViewController.h */,
				DABFBBF41C982BAB00EFD120 /* VedioTableViewController.m */,
			);
			path = C;
			sourceTree = "<group>";
		};
		DABFBBE21C982A6A00EFD120 /* M */ = {
			isa = PBXGroup;
			children = (
			);
			path = M;
			sourceTree = "<group>";
		};
		DABFBBE31C982A6A00EFD120 /* V */ = {
			isa = PBXGroup;
			children = (
				DAA2DA6C1C98E8F200A230EC /* VedioTableViewCell.h */,
				DAA2DA6D1C98E8F200A230EC /* VedioTableViewCell.m */,
			);
			path = V;
			sourceTree = "<group>";
		};
		DEB8098F1301CCC8D7EE75D9 /* Pods */ = {
			isa = PBXGroup;
			children = (
				8EE812DF006AE51CB27903EC /* Pods.debug.xcconfig */,
				FE6F153DBE2CE2DCA9D7CF17 /* Pods.release.xcconfig */,
			);
			name = Pods;
			sourceTree = "<group>";
		};
		E7B01E323E2E81653DCCC59B /* Frameworks */ = {
			isa = PBXGroup;
			children = (
				DAA099CC1C9C2E5B0034737C /* libc++.tbd */,
				DAA099C61C9C2CC30034737C /* CoreTelephony.framework */,
				DAA099C41C9C2CB50034737C /* AdSupport.framework */,
				DAA099C21C9C2CA40034737C /* CoreLocation.framework */,
				A2B6C752B03F224A6B9A60F9 /* libPods.a */,
			);
			name = Frameworks;
			sourceTree = "<group>";
		};
/* End PBXGroup section */

/* Begin PBXNativeTarget section */
		DABFBB5B1C980E5600EFD120 /* 乐旅 */ = {
			isa = PBXNativeTarget;
			buildConfigurationList = DABFBB731C980E5600EFD120 /* Build configuration list for PBXNativeTarget "乐旅" */;
			buildPhases = (
				B4537FB77EA20959D00D5CF1 /* Check Pods Manifest.lock */,
				DABFBB581C980E5600EFD120 /* Sources */,
				DABFBB591C980E5600EFD120 /* Frameworks */,
				DABFBB5A1C980E5600EFD120 /* Resources */,
				606718506333CEDAA10FBD2B /* Embed Pods Frameworks */,
				DA65E36EB2DD0F422C6EBAB4 /* Copy Pods Resources */,
			);
			buildRules = (
			);
			dependencies = (
			);
			name = "乐旅";
			productName = "乐旅";
			productReference = DABFBB5C1C980E5600EFD120 /* 乐旅.app */;
			productType = "com.apple.product-type.application";
		};
/* End PBXNativeTarget section */

/* Begin PBXProject section */
		DABFBB541C980E5600EFD120 /* Project object */ = {
			isa = PBXProject;
			attributes = {
				LastUpgradeCheck = 0720;
				ORGANIZATIONNAME = "姜鸥人";
				TargetAttributes = {
					DABFBB5B1C980E5600EFD120 = {
						CreatedOnToolsVersion = 7.2;
						DevelopmentTeam = 3BLN7H8VQS;
					};
				};
			};
			buildConfigurationList = DABFBB571C980E5600EFD120 /* Build configuration list for PBXProject "乐旅" */;
			compatibilityVersion = "Xcode 3.2";
			developmentRegion = English;
			hasScannedForEncodings = 0;
			knownRegions = (
				en,
				Base,
			);
			mainGroup = DABFBB531C980E5600EFD120;
			productRefGroup = DABFBB5D1C980E5600EFD120 /* Products */;
			projectDirPath = "";
			projectRoot = "";
			targets = (
				DABFBB5B1C980E5600EFD120 /* 乐旅 */,
			);
		};
/* End PBXProject section */

/* Begin PBXResourcesBuildPhase section */
		DABFBB5A1C980E5600EFD120 /* Resources */ = {
			isa = PBXResourcesBuildPhase;
			buildActionMask = 2147483647;
			files = (
				7AE371B31CA4E9CE009F32AE /* 3.jpg in Resources */,
				7AE371C21CA4E9CE009F32AE /* default_generalsearch_headerviewbtn_telicon_normal@3x.png in Resources */,
				7AE371B91CA4E9CE009F32AE /* default_busnavi_location_arrow@2x.png in Resources */,
				7AE371B61CA4E9CE009F32AE /* default_bank_sugg_tqueryicon_normal@3x.png in Resources */,
				DA973FF51CA26F850057B8DB /* icon_comment@2x.png in Resources */,
				7AE371B11CA4E9CE009F32AE /* 1.jpg in Resources */,
				7AE371B21CA4E9CE009F32AE /* 2.png in Resources */,
				7AE371BE1CA4E9CE009F32AE /* default_common_highlightpoint_normal@2x.png in Resources */,
				7AE371BF1CA4E9CE009F32AE /* default_common_route_endpoint_normal@2x.png in Resources */,
				7AE371C11CA4E9CE009F32AE /* default_generalsearch_headerviewbtn_telicon_normal@2x.png in Resources */,
				7AE371C31CA4E9CE009F32AE /* default_groupbuying_telephone_button_normal@2x.png in Resources */,
				61701FF11CA3CB2500C6BAF7 /* video_list_cell_icon@2x.png in Resources */,
				DA973FF11CA26F5E0057B8DB /* icon_for_enable@2x.png in Resources */,
				DABFBB6F1C980E5600EFD120 /* LaunchScreen.storyboard in Resources */,
				DA973FF31CA26F770057B8DB /* icon_against_enable@2x.png in Resources */,
				7AE371BB1CA4E9CE009F32AE /* default_carReport_bubbleoffline@2x.png in Resources */,
				DABFBB6C1C980E5600EFD120 /* Assets.xcassets in Resources */,
				7AE371B41CA4E9CE009F32AE /* 5.jpg in Resources */,
				7AE371891CA4E232009F32AE /* sidebar_bg@2x.jpg in Resources */,
				7AE371BA1CA4E9CE009F32AE /* default_busnavi_location_arrow@3x.png in Resources */,
				7AE371B51CA4E9CE009F32AE /* default_autonavi_icon@3x.png in Resources */,
				7AE371C41CA4E9CE009F32AE /* default_groupbuying_telephone_button_normal@3x.png in Resources */,
				7AE371B71CA4E9CE009F32AE /* default_busline_returnbus_btnbg_normal@2x.png in Resources */,
				61701FF21CA3CB2500C6BAF7 /* contentview_play@2x.png in Resources */,
				7AE371C01CA4E9CE009F32AE /* default_common_route_startpoint_normal@2x.png in Resources */,
				7AE371BD1CA4E9CE009F32AE /* default_carReport_main_line_highlighted@3x.png in Resources */,
				7AE371B01CA4E9CE009F32AE /* default_autonavi_icon@2x.png in Resources */,
				DAA099AB1C9BE40C0034737C /* CarportTableViewCell.xib in Resources */,
				7AE371BC1CA4E9CE009F32AE /* default_carReport_main_line_highlighted@2x.png in Resources */,
				DA973FF71CA26FD20057B8DB /* icon_share@2x.png in Resources */,
				7AE371B81CA4E9CE009F32AE /* default_busline_returnbus_btnbg_normal@3x.png in Resources */,
				61701FF01CA3CB2500C6BAF7 /* video_list_cell_time@2x.png in Resources */,
			);
			runOnlyForDeploymentPostprocessing = 0;
		};
/* End PBXResourcesBuildPhase section */

/* Begin PBXShellScriptBuildPhase section */
		606718506333CEDAA10FBD2B /* Embed Pods Frameworks */ = {
			isa = PBXShellScriptBuildPhase;
			buildActionMask = 2147483647;
			files = (
			);
			inputPaths = (
			);
			name = "Embed Pods Frameworks";
			outputPaths = (
			);
			runOnlyForDeploymentPostprocessing = 0;
			shellPath = /bin/sh;
			shellScript = "\"${SRCROOT}/Pods/Target Support Files/Pods/Pods-frameworks.sh\"\n";
			showEnvVarsInLog = 0;
		};
		B4537FB77EA20959D00D5CF1 /* Check Pods Manifest.lock */ = {
			isa = PBXShellScriptBuildPhase;
			buildActionMask = 2147483647;
			files = (
			);
			inputPaths = (
			);
			name = "Check Pods Manifest.lock";
			outputPaths = (
			);
			runOnlyForDeploymentPostprocessing = 0;
			shellPath = /bin/sh;
			shellScript = "diff \"${PODS_ROOT}/../Podfile.lock\" \"${PODS_ROOT}/Manifest.lock\" > /dev/null\nif [[ $? != 0 ]] ; then\n    cat << EOM\nerror: The sandbox is not in sync with the Podfile.lock. Run 'pod install' or update your CocoaPods installation.\nEOM\n    exit 1\nfi\n";
			showEnvVarsInLog = 0;
		};
		DA65E36EB2DD0F422C6EBAB4 /* Copy Pods Resources */ = {
			isa = PBXShellScriptBuildPhase;
			buildActionMask = 2147483647;
			files = (
			);
			inputPaths = (
			);
			name = "Copy Pods Resources";
			outputPaths = (
			);
			runOnlyForDeploymentPostprocessing = 0;
			shellPath = /bin/sh;
			shellScript = "\"${SRCROOT}/Pods/Target Support Files/Pods/Pods-resources.sh\"\n";
			showEnvVarsInLog = 0;
		};
/* End PBXShellScriptBuildPhase section */

/* Begin PBXSourcesBuildPhase section */
		DABFBB581C980E5600EFD120 /* Sources */ = {
			isa = PBXSourcesBuildPhase;
			buildActionMask = 2147483647;
			files = (
				DABFBBE91C982B5700EFD120 /* RecreationViewController.m in Sources */,
				DAB1E6BC1C9AD5E600DEBA85 /* BreakImageViewCell.m in Sources */,
				7AE3715E1CA4DEEF009F32AE /* PublicTableViewCell.m in Sources */,
				7AE3715C1CA4DEEF009F32AE /* NationFourTableViewController.m in Sources */,
				DABFBBE61C982B2900EFD120 /* RootTabBarController.m in Sources */,
				DAA099D01C9C2F9C0034737C /* FoodRequest.m in Sources */,
				DABFBB641C980E5600EFD120 /* AppDelegate.mm in Sources */,
				DAAD95971C9D772F008FE4C2 /* FoodDetailTableViewCell.m in Sources */,
				7AE371881CA4E232009F32AE /* WDLeftView.m in Sources */,
				7AE3715B1CA4DEEF009F32AE /* NationThreeTableViewController.m in Sources */,
				7AE371971CA4E305009F32AE /* MyFavoriteViewController.m in Sources */,
				DABFBBF51C982BAB00EFD120 /* VedioTableViewController.m in Sources */,
				DAA0999B1C9B87CF0034737C /* NewTableViewCell.m in Sources */,
				DABFBC071C982C3000EFD120 /* MeTableViewController.m in Sources */,
				DAAD95961C9D772F008FE4C2 /* FoodDetailTableViewController.m in Sources */,
				7AE3716D1CA4E04B009F32AE /* HXShareScrollView.m in Sources */,
				DABFBBEF1C982B8000EFD120 /* PivterTableViewController.m in Sources */,
				DAA2DA721C99516B00A230EC /* BreakTableViewCell.m in Sources */,
				DAA2DA7E1C99AE4600A230EC /* FoodTableViewCell.m in Sources */,
				61701FFB1CA3CB4D00C6BAF7 /* DateRequest.m in Sources */,
				7AE371961CA4E305009F32AE /* FoodTableViewController.m in Sources */,
				DAA0999E1C9BD7010034737C /* CarportTableViewController.m in Sources */,
				DABFBBF81C982BBC00EFD120 /* BreakTableViewController.m in Sources */,
				7AE371871CA4E232009F32AE /* WDNavigationController.m in Sources */,
				7AE371671CA4DF0E009F32AE /* Request.m in Sources */,
				DAA2DA7B1C99ABCF00A230EC /* SecnicTableViewCell.m in Sources */,
				7AE3715D1CA4DEEF009F32AE /* NationwideTableViewCell.m in Sources */,
				DAA099AA1C9BE40C0034737C /* CarportTableViewCell.m in Sources */,
				7AE3716E1CA4E04B009F32AE /* HXEasyCustomShareView.m in Sources */,
				7AE371661CA4DF0E009F32AE /* Model.m in Sources */,
				61701FFA1CA3CB4D00C6BAF7 /* ModelTitle.m in Sources */,
				7AE371841CA4E232009F32AE /* UIBarButtonItem+Extension.m in Sources */,
				DABFBBFB1C982BEB00EFD120 /* DetailsTableViewController.m in Sources */,
				7AE371901CA4E2CA009F32AE /* FoodModel.m in Sources */,
				7AE371771CA4E14A009F32AE /* SearchViewController.m in Sources */,
				DABFBBEC1C982B6D00EFD120 /* NewTableViewController.m in Sources */,
				7AE3715A1CA4DEEF009F32AE /* NationTwoTableViewController.m in Sources */,
				DAA099B41C9C22DD0034737C /* DepotModel.m in Sources */,
				DA9378A81C9FF5E4002B2C3B /* BreakModel.m in Sources */,
				7AE371681CA4DF0E009F32AE /* DetailRequest.m in Sources */,
				7AE371851CA4E232009F32AE /* FoodViewController.m in Sources */,
				DA9378AB1CA00EEC002B2C3B /* DateHandel.m in Sources */,
				7AE371861CA4E232009F32AE /* UIView+SHCZExt.m in Sources */,
				DABFBBFE1C982BF500EFD120 /* DetailsTableViewCell.m in Sources */,
				DABFBBF21C982B9600EFD120 /* PicDetaTableViewController.m in Sources */,
				DAA2DA781C99A0CE00A230EC /* PicTableViewCell.m in Sources */,
				DABFBC041C982C2200EFD120 /* ScenicTableViewController.m in Sources */,
				DABFBB611C980E5600EFD120 /* main.m in Sources */,
				DAA2DA6E1C98E8F200A230EC /* VedioTableViewCell.m in Sources */,
				61701FFC1CA3CB4D00C6BAF7 /* shared.m in Sources */,
			);
			runOnlyForDeploymentPostprocessing = 0;
		};
/* End PBXSourcesBuildPhase section */

/* Begin PBXVariantGroup section */
		DABFBB6D1C980E5600EFD120 /* LaunchScreen.storyboard */ = {
			isa = PBXVariantGroup;
			children = (
				DABFBB6E1C980E5600EFD120 /* Base */,
			);
			name = LaunchScreen.storyboard;
			path = ..;
			sourceTree = "<group>";
		};
/* End PBXVariantGroup section */

/* Begin XCBuildConfiguration section */
		DABFBB711C980E5600EFD120 /* Debug */ = {
			isa = XCBuildConfiguration;
			buildSettings = {
				ALWAYS_SEARCH_USER_PATHS = NO;
				CLANG_CXX_LANGUAGE_STANDARD = "gnu++0x";
				CLANG_CXX_LIBRARY = "libc++";
				CLANG_ENABLE_MODULES = YES;
				CLANG_ENABLE_OBJC_ARC = YES;
				CLANG_WARN_BOOL_CONVERSION = YES;
				CLANG_WARN_CONSTANT_CONVERSION = YES;
				CLANG_WARN_DIRECT_OBJC_ISA_USAGE = YES_ERROR;
				CLANG_WARN_EMPTY_BODY = YES;
				CLANG_WARN_ENUM_CONVERSION = YES;
				CLANG_WARN_INT_CONVERSION = YES;
				CLANG_WARN_OBJC_ROOT_CLASS = YES_ERROR;
				CLANG_WARN_UNREACHABLE_CODE = YES;
				CLANG_WARN__DUPLICATE_METHOD_MATCH = YES;
				"CODE_SIGN_IDENTITY[sdk=iphoneos*]" = "iPhone Developer";
				COPY_PHASE_STRIP = NO;
				DEBUG_INFORMATION_FORMAT = dwarf;
				ENABLE_STRICT_OBJC_MSGSEND = YES;
				ENABLE_TESTABILITY = YES;
				GCC_C_LANGUAGE_STANDARD = gnu99;
				GCC_DYNAMIC_NO_PIC = NO;
				GCC_NO_COMMON_BLOCKS = YES;
				GCC_OPTIMIZATION_LEVEL = 0;
				GCC_PREPROCESSOR_DEFINITIONS = (
					"DEBUG=1",
					"$(inherited)",
				);
				GCC_WARN_64_TO_32_BIT_CONVERSION = YES;
				GCC_WARN_ABOUT_RETURN_TYPE = YES_ERROR;
				GCC_WARN_UNDECLARED_SELECTOR = YES;
				GCC_WARN_UNINITIALIZED_AUTOS = YES_AGGRESSIVE;
				GCC_WARN_UNUSED_FUNCTION = YES;
				GCC_WARN_UNUSED_VARIABLE = YES;
				IPHONEOS_DEPLOYMENT_TARGET = 9.2;
				MTL_ENABLE_DEBUG_INFO = YES;
				ONLY_ACTIVE_ARCH = YES;
				SDKROOT = iphoneos;
				TARGETED_DEVICE_FAMILY = "1,2";
			};
			name = Debug;
		};
		DABFBB721C980E5600EFD120 /* Release */ = {
			isa = XCBuildConfiguration;
			buildSettings = {
				ALWAYS_SEARCH_USER_PATHS = NO;
				CLANG_CXX_LANGUAGE_STANDARD = "gnu++0x";
				CLANG_CXX_LIBRARY = "libc++";
				CLANG_ENABLE_MODULES = YES;
				CLANG_ENABLE_OBJC_ARC = YES;
				CLANG_WARN_BOOL_CONVERSION = YES;
				CLANG_WARN_CONSTANT_CONVERSION = YES;
				CLANG_WARN_DIRECT_OBJC_ISA_USAGE = YES_ERROR;
				CLANG_WARN_EMPTY_BODY = YES;
				CLANG_WARN_ENUM_CONVERSION = YES;
				CLANG_WARN_INT_CONVERSION = YES;
				CLANG_WARN_OBJC_ROOT_CLASS = YES_ERROR;
				CLANG_WARN_UNREACHABLE_CODE = YES;
				CLANG_WARN__DUPLICATE_METHOD_MATCH = YES;
				"CODE_SIGN_IDENTITY[sdk=iphoneos*]" = "iPhone Developer";
				COPY_PHASE_STRIP = NO;
				DEBUG_INFORMATION_FORMAT = "dwarf-with-dsym";
				ENABLE_NS_ASSERTIONS = NO;
				ENABLE_STRICT_OBJC_MSGSEND = YES;
				GCC_C_LANGUAGE_STANDARD = gnu99;
				GCC_NO_COMMON_BLOCKS = YES;
				GCC_WARN_64_TO_32_BIT_CONVERSION = YES;
				GCC_WARN_ABOUT_RETURN_TYPE = YES_ERROR;
				GCC_WARN_UNDECLARED_SELECTOR = YES;
				GCC_WARN_UNINITIALIZED_AUTOS = YES_AGGRESSIVE;
				GCC_WARN_UNUSED_FUNCTION = YES;
				GCC_WARN_UNUSED_VARIABLE = YES;
				IPHONEOS_DEPLOYMENT_TARGET = 9.2;
				MTL_ENABLE_DEBUG_INFO = NO;
				SDKROOT = iphoneos;
				TARGETED_DEVICE_FAMILY = "1,2";
				VALIDATE_PRODUCT = YES;
			};
			name = Release;
		};
		DABFBB741C980E5600EFD120 /* Debug */ = {
			isa = XCBuildConfiguration;
			baseConfigurationReference = 8EE812DF006AE51CB27903EC /* Pods.debug.xcconfig */;
			buildSettings = {
				ASSETCATALOG_COMPILER_APPICON_NAME = AppIcon;
				CODE_SIGN_IDENTITY = "iPhone Developer";
				"CODE_SIGN_IDENTITY[sdk=iphoneos*]" = "iPhone Developer";
				ENABLE_BITCODE = NO;
				GCC_PREFIX_HEADER = "$(SRCROOT)/乐旅/其他/PrefixHeader.pch";
				INFOPLIST_FILE = "乐旅/Info.plist";
				IPHONEOS_DEPLOYMENT_TARGET = 8.4;
				LD_RUNPATH_SEARCH_PATHS = "$(inherited) @executable_path/Frameworks";
				LIBRARY_SEARCH_PATHS = (
					"$(inherited)",
					"$(PROJECT_DIR)/乐旅/美食",
				);
				OTHER_LDFLAGS = (
					"$(inherited)",
					"-ObjC",
					"-l\"AFNetworking\"",
					"-l\"MJRefresh\"",
					"-l\"Masonry\"",
					"-l\"SDAutoLayout\"",
					"-l\"SDWebImage\"",
					"-framework",
					"\"CoreGraphics\"",
					"-framework",
					"\"Foundation\"",
					"-framework",
					"\"ImageIO\"",
					"-framework",
					"\"MobileCoreServices\"",
					"-framework",
					"\"Security\"",
					"-framework",
					"\"SystemConfiguration\"",
					"-framework",
					"\"UIKit\"",
					"-all_load",
				);
				PRODUCT_BUNDLE_IDENTIFIER = "TT.-234";
				PRODUCT_NAME = "$(TARGET_NAME)";
				PROVISIONING_PROFILE = "";
			};
			name = Debug;
		};
		DABFBB751C980E5600EFD120 /* Release */ = {
			isa = XCBuildConfiguration;
			baseConfigurationReference = FE6F153DBE2CE2DCA9D7CF17 /* Pods.release.xcconfig */;
			buildSettings = {
				ASSETCATALOG_COMPILER_APPICON_NAME = AppIcon;
				CODE_SIGN_IDENTITY = "iPhone Developer";
				"CODE_SIGN_IDENTITY[sdk=iphoneos*]" = "iPhone Developer";
				ENABLE_BITCODE = NO;
				GCC_PREFIX_HEADER = "$(SRCROOT)/乐旅/其他/PrefixHeader.pch";
				INFOPLIST_FILE = "乐旅/Info.plist";
				IPHONEOS_DEPLOYMENT_TARGET = 8.4;
				LD_RUNPATH_SEARCH_PATHS = "$(inherited) @executable_path/Frameworks";
				LIBRARY_SEARCH_PATHS = (
					"$(inherited)",
					"$(PROJECT_DIR)/乐旅/美食",
				);
				OTHER_LDFLAGS = (
					"$(inherited)",
					"-ObjC",
					"-l\"AFNetworking\"",
					"-l\"MJRefresh\"",
					"-l\"Masonry\"",
					"-l\"SDAutoLayout\"",
					"-l\"SDWebImage\"",
					"-framework",
					"\"CoreGraphics\"",
					"-framework",
					"\"Foundation\"",
					"-framework",
					"\"ImageIO\"",
					"-framework",
					"\"MobileCoreServices\"",
					"-framework",
					"\"Security\"",
					"-framework",
					"\"SystemConfiguration\"",
					"-framework",
					"\"UIKit\"",
					"-all_load",
				);
				PRODUCT_BUNDLE_IDENTIFIER = "TT.-234";
				PRODUCT_NAME = "$(TARGET_NAME)";
				PROVISIONING_PROFILE = "";
			};
			name = Release;
		};
/* End XCBuildConfiguration section */

/* Begin XCConfigurationList section */
		DABFBB571C980E5600EFD120 /* Build configuration list for PBXProject "乐旅" */ = {
			isa = XCConfigurationList;
			buildConfigurations = (
				DABFBB711C980E5600EFD120 /* Debug */,
				DABFBB721C980E5600EFD120 /* Release */,
			);
			defaultConfigurationIsVisible = 0;
			defaultConfigurationName = Release;
		};
		DABFBB731C980E5600EFD120 /* Build configuration list for PBXNativeTarget "乐旅" */ = {
			isa = XCConfigurationList;
			buildConfigurations = (
				DABFBB741C980E5600EFD120 /* Debug */,
				DABFBB751C980E5600EFD120 /* Release */,
			);
			defaultConfigurationIsVisible = 0;
			defaultConfigurationName = Release;
		};
/* End XCConfigurationList section */
	};
	rootObject = DABFBB541C980E5600EFD120 /* Project object */;
}
